// !$*UTF8*$!
{
	archiveVersion = 1;
	classes = {
	};
	objectVersion = 51;
	objects = {

/* Begin PBXBuildFile section */
		15873DFB5FCD4E091D1E8A2C /* Pods_SpoonTV.framework in Frameworks */ = {isa = PBXBuildFile; fileRef = 0111EFCB7F13206F738705A8 /* Pods_SpoonTV.framework */; };
		360B7CAB2525F9AD00E15D19 /* ActorCollectionViewCell.swift in Sources */ = {isa = PBXBuildFile; fileRef = 360B7CA92525F9AD00E15D19 /* ActorCollectionViewCell.swift */; };
		360B7CAC2525F9AD00E15D19 /* ActorCollectionViewCell.xib in Resources */ = {isa = PBXBuildFile; fileRef = 360B7CAA2525F9AD00E15D19 /* ActorCollectionViewCell.xib */; };
		360B7CAE2525FFC600E15D19 /* ActorInMovieResponse.swift in Sources */ = {isa = PBXBuildFile; fileRef = 360B7CAD2525FFC600E15D19 /* ActorInMovieResponse.swift */; };
		360BF49B24FCD7B90055C876 /* AppDelegate.swift in Sources */ = {isa = PBXBuildFile; fileRef = 360BF49A24FCD7B90055C876 /* AppDelegate.swift */; };
		360BF49D24FCD7B90055C876 /* SceneDelegate.swift in Sources */ = {isa = PBXBuildFile; fileRef = 360BF49C24FCD7B90055C876 /* SceneDelegate.swift */; };
		360BF4A224FCD7B90055C876 /* Main.storyboard in Resources */ = {isa = PBXBuildFile; fileRef = 360BF4A024FCD7B90055C876 /* Main.storyboard */; };
		360BF4A424FCD7BA0055C876 /* Assets.xcassets in Resources */ = {isa = PBXBuildFile; fileRef = 360BF4A324FCD7BA0055C876 /* Assets.xcassets */; };
		360BF4B324FCD8330055C876 /* AutoScrollingLSViewController.swift in Sources */ = {isa = PBXBuildFile; fileRef = 360BF4B024FCD8330055C876 /* AutoScrollingLSViewController.swift */; };
		360BF4B424FCD8330055C876 /* LaunchScreen.storyboard in Resources */ = {isa = PBXBuildFile; fileRef = 360BF4B124FCD8330055C876 /* LaunchScreen.storyboard */; };
		360BF4B524FCD8330055C876 /* AutoScrollingLS.storyboard in Resources */ = {isa = PBXBuildFile; fileRef = 360BF4B224FCD8330055C876 /* AutoScrollingLS.storyboard */; };
		3613E5062500E63200684B9B /* MovieDetail.swift in Sources */ = {isa = PBXBuildFile; fileRef = 3613E5052500E63200684B9B /* MovieDetail.swift */; };
		3613E5092500EA8400684B9B /* Genres.swift in Sources */ = {isa = PBXBuildFile; fileRef = 3613E5082500EA8400684B9B /* Genres.swift */; };
		3613E50C2500EB4600684B9B /* ProductionCompany.swift in Sources */ = {isa = PBXBuildFile; fileRef = 3613E50B2500EB4600684B9B /* ProductionCompany.swift */; };
		3613E50E2500EBE400684B9B /* ProductionCountry.swift in Sources */ = {isa = PBXBuildFile; fileRef = 3613E50D2500EBE400684B9B /* ProductionCountry.swift */; };
		3613E5102500EC4C00684B9B /* SpokenLanguage.swift in Sources */ = {isa = PBXBuildFile; fileRef = 3613E50F2500EC4C00684B9B /* SpokenLanguage.swift */; };
		3613E5152500EDE700684B9B /* GenreTabbar.swift in Sources */ = {isa = PBXBuildFile; fileRef = 3613E5142500EDE700684B9B /* GenreTabbar.swift */; };
		3613E51A2500F07600684B9B /* Artist.swift in Sources */ = {isa = PBXBuildFile; fileRef = 3613E5192500F07600684B9B /* Artist.swift */; };
		3613E51C2500F11A00684B9B /* ArtistDetail.swift in Sources */ = {isa = PBXBuildFile; fileRef = 3613E51B2500F11A00684B9B /* ArtistDetail.swift */; };
		3613E51E2500F3DB00684B9B /* MovieOfArtist.swift in Sources */ = {isa = PBXBuildFile; fileRef = 3613E51D2500F3DB00684B9B /* MovieOfArtist.swift */; };
		362B23612515C01900E20205 /* SeeMoreViewController.swift in Sources */ = {isa = PBXBuildFile; fileRef = 362B23602515C01900E20205 /* SeeMoreViewController.swift */; };
		362B23632515C02500E20205 /* SeeMoreNavigator.swift in Sources */ = {isa = PBXBuildFile; fileRef = 362B23622515C02500E20205 /* SeeMoreNavigator.swift */; };
		362B23652515C02D00E20205 /* SeeMoreViewModel.swift in Sources */ = {isa = PBXBuildFile; fileRef = 362B23642515C02D00E20205 /* SeeMoreViewModel.swift */; };
		362B23672515C03600E20205 /* SeeMoreUseCase.swift in Sources */ = {isa = PBXBuildFile; fileRef = 362B23662515C03600E20205 /* SeeMoreUseCase.swift */; };
		362B236A2515C05E00E20205 /* SeeMoreTableViewCell.swift in Sources */ = {isa = PBXBuildFile; fileRef = 362B23682515C05E00E20205 /* SeeMoreTableViewCell.swift */; };
		362B236B2515C05E00E20205 /* SeeMoreTableViewCell.xib in Resources */ = {isa = PBXBuildFile; fileRef = 362B23692515C05E00E20205 /* SeeMoreTableViewCell.xib */; };
		362B236D2515C08200E20205 /* SeeMoreScene.storyboard in Resources */ = {isa = PBXBuildFile; fileRef = 362B236C2515C08200E20205 /* SeeMoreScene.storyboard */; };
		363B5F2D2525F2E800583927 /* ActorListInMovie.swift in Sources */ = {isa = PBXBuildFile; fileRef = 363B5F2C2525F2E800583927 /* ActorListInMovie.swift */; };
		364159C2251C348A0059E2F3 /* SimilarMovieCollectionViewCell.swift in Sources */ = {isa = PBXBuildFile; fileRef = 364159C0251C348A0059E2F3 /* SimilarMovieCollectionViewCell.swift */; };
		364159C3251C348A0059E2F3 /* SimilarMovieCollectionViewCell.xib in Resources */ = {isa = PBXBuildFile; fileRef = 364159C1251C348A0059E2F3 /* SimilarMovieCollectionViewCell.xib */; };
		364D2DAC250F00A900746DC7 /* ArtistUseCase.swift in Sources */ = {isa = PBXBuildFile; fileRef = 364D2DA8250F00A900746DC7 /* ArtistUseCase.swift */; };
		364D2DAD250F00A900746DC7 /* ArtistNavigator.swift in Sources */ = {isa = PBXBuildFile; fileRef = 364D2DA9250F00A900746DC7 /* ArtistNavigator.swift */; };
		364D2DAE250F00A900746DC7 /* ArtistViewModel.swift in Sources */ = {isa = PBXBuildFile; fileRef = 364D2DAA250F00A900746DC7 /* ArtistViewModel.swift */; };
		364D2DAF250F00A900746DC7 /* ArtistViewController.swift in Sources */ = {isa = PBXBuildFile; fileRef = 364D2DAB250F00A900746DC7 /* ArtistViewController.swift */; };
		364D2DB3250F00C500746DC7 /* ArtistCollectionViewCell.xib in Resources */ = {isa = PBXBuildFile; fileRef = 364D2DB1250F00C500746DC7 /* ArtistCollectionViewCell.xib */; };
		364D2DB4250F00C500746DC7 /* ArtistCollectionViewCell.swift in Sources */ = {isa = PBXBuildFile; fileRef = 364D2DB2250F00C500746DC7 /* ArtistCollectionViewCell.swift */; };
		364D2DB6250F011D00746DC7 /* ArtistScene.storyboard in Resources */ = {isa = PBXBuildFile; fileRef = 364D2DB5250F011D00746DC7 /* ArtistScene.storyboard */; };
		36586CE624FE3D3900721F27 /* AppViewModel.swift in Sources */ = {isa = PBXBuildFile; fileRef = 36586CE524FE3D3900721F27 /* AppViewModel.swift */; };
		36586CE824FE3D4600721F27 /* AppNavigator.swift in Sources */ = {isa = PBXBuildFile; fileRef = 36586CE724FE3D4600721F27 /* AppNavigator.swift */; };
		36586CEA24FE3D5400721F27 /* AppUseCase.swift in Sources */ = {isa = PBXBuildFile; fileRef = 36586CE924FE3D5400721F27 /* AppUseCase.swift */; };
		3663833C2518337B00C6B216 /* MoreMovie.swift in Sources */ = {isa = PBXBuildFile; fileRef = 3663833B2518337B00C6B216 /* MoreMovie.swift */; };
		3663833E2518516500C6B216 /* Movie.swift in Sources */ = {isa = PBXBuildFile; fileRef = 3663833D2518516500C6B216 /* Movie.swift */; };
		36751EEE2506994600554A18 /* ArtistRepositories.swift in Sources */ = {isa = PBXBuildFile; fileRef = 36751EEA2506994600554A18 /* ArtistRepositories.swift */; };
		36751EEF2506994600554A18 /* GenreRepositories.swift in Sources */ = {isa = PBXBuildFile; fileRef = 36751EEB2506994600554A18 /* GenreRepositories.swift */; };
		36751EF02506994600554A18 /* SearchRepositories.swift in Sources */ = {isa = PBXBuildFile; fileRef = 36751EEC2506994600554A18 /* SearchRepositories.swift */; };
		36751EF12506994600554A18 /* MovieRepositories.swift in Sources */ = {isa = PBXBuildFile; fileRef = 36751EED2506994600554A18 /* MovieRepositories.swift */; };
		36751EFB2506998B00554A18 /* TopRatedRequest.swift in Sources */ = {isa = PBXBuildFile; fileRef = 36751EF62506998B00554A18 /* TopRatedRequest.swift */; };
		36751EFC2506998B00554A18 /* SimilarRequest.swift in Sources */ = {isa = PBXBuildFile; fileRef = 36751EF72506998B00554A18 /* SimilarRequest.swift */; };
		36751EFD2506998B00554A18 /* UpComingRequest.swift in Sources */ = {isa = PBXBuildFile; fileRef = 36751EF82506998B00554A18 /* UpComingRequest.swift */; };
		36751EFE2506998B00554A18 /* PopularRequest.swift in Sources */ = {isa = PBXBuildFile; fileRef = 36751EF92506998B00554A18 /* PopularRequest.swift */; };
		36751EFF2506998B00554A18 /* DetailRequest.swift in Sources */ = {isa = PBXBuildFile; fileRef = 36751EFA2506998B00554A18 /* DetailRequest.swift */; };
		36751F022506999500554A18 /* ListGenreRequest.swift in Sources */ = {isa = PBXBuildFile; fileRef = 36751F002506999500554A18 /* ListGenreRequest.swift */; };
		36751F032506999500554A18 /* SelectedGenreRequest.swift in Sources */ = {isa = PBXBuildFile; fileRef = 36751F012506999500554A18 /* SelectedGenreRequest.swift */; };
		36751F07250699A400554A18 /* MovieOfSeletedRequest.swift in Sources */ = {isa = PBXBuildFile; fileRef = 36751F04250699A400554A18 /* MovieOfSeletedRequest.swift */; };
		36751F08250699A400554A18 /* SelectedArtistRequest.swift in Sources */ = {isa = PBXBuildFile; fileRef = 36751F05250699A400554A18 /* SelectedArtistRequest.swift */; };
		36751F09250699A400554A18 /* ListArtistRequest.swift in Sources */ = {isa = PBXBuildFile; fileRef = 36751F06250699A400554A18 /* ListArtistRequest.swift */; };
		36751F0C250699AE00554A18 /* SearchForArtistRequest.swift in Sources */ = {isa = PBXBuildFile; fileRef = 36751F0A250699AE00554A18 /* SearchForArtistRequest.swift */; };
		36751F0D250699AE00554A18 /* SearchForMovieRequest.swift in Sources */ = {isa = PBXBuildFile; fileRef = 36751F0B250699AE00554A18 /* SearchForMovieRequest.swift */; };
		36831A2C2508C74E005FD99F /* DiscoverNavigator.swift in Sources */ = {isa = PBXBuildFile; fileRef = 36831A282508C74D005FD99F /* DiscoverNavigator.swift */; };
		36831A2D2508C74E005FD99F /* DiscoverViewController.swift in Sources */ = {isa = PBXBuildFile; fileRef = 36831A292508C74E005FD99F /* DiscoverViewController.swift */; };
		36831A2E2508C74E005FD99F /* DiscoverUseCase.swift in Sources */ = {isa = PBXBuildFile; fileRef = 36831A2A2508C74E005FD99F /* DiscoverUseCase.swift */; };
		36831A2F2508C74E005FD99F /* DiscoverViewModel.swift in Sources */ = {isa = PBXBuildFile; fileRef = 36831A2B2508C74E005FD99F /* DiscoverViewModel.swift */; };
		36831A342508C76E005FD99F /* MainTabbarController.swift in Sources */ = {isa = PBXBuildFile; fileRef = 36831A302508C76E005FD99F /* MainTabbarController.swift */; };
		36831A352508C76E005FD99F /* MainTabbarNavigator.swift in Sources */ = {isa = PBXBuildFile; fileRef = 36831A312508C76E005FD99F /* MainTabbarNavigator.swift */; };
		36831A362508C76E005FD99F /* MainTabbarUseCase.swift in Sources */ = {isa = PBXBuildFile; fileRef = 36831A322508C76E005FD99F /* MainTabbarUseCase.swift */; };
		36831A372508C76E005FD99F /* MainTabbarViewModel.swift in Sources */ = {isa = PBXBuildFile; fileRef = 36831A332508C76E005FD99F /* MainTabbarViewModel.swift */; };
		36831A392508C784005FD99F /* MainTabbar.storyboard in Resources */ = {isa = PBXBuildFile; fileRef = 36831A382508C784005FD99F /* MainTabbar.storyboard */; };
		36831A3B2508C78B005FD99F /* DiscoverScene.storyboard in Resources */ = {isa = PBXBuildFile; fileRef = 36831A3A2508C78B005FD99F /* DiscoverScene.storyboard */; };
		3684FF772524F4DD00673B80 /* Array+.swift in Sources */ = {isa = PBXBuildFile; fileRef = 3684FF762524F4DD00673B80 /* Array+.swift */; };
		3684FF792525020000673B80 /* ActorOfMovie.swift in Sources */ = {isa = PBXBuildFile; fileRef = 3684FF782525020000673B80 /* ActorOfMovie.swift */; };
		368A30D825009A4C002973E7 /* UIView+.swift in Sources */ = {isa = PBXBuildFile; fileRef = 368A30D725009A4C002973E7 /* UIView+.swift */; };
		368E0F682518FAF50029A718 /* MovieResponse.swift in Sources */ = {isa = PBXBuildFile; fileRef = 368E0F672518FAF50029A718 /* MovieResponse.swift */; };
		36930EE824FF305E00A54C2F /* AutoScrollingViewModel.swift in Sources */ = {isa = PBXBuildFile; fileRef = 36930EE724FF305E00A54C2F /* AutoScrollingViewModel.swift */; };
		36930EEA24FF306D00A54C2F /* AutoScrollingNavigator.swift in Sources */ = {isa = PBXBuildFile; fileRef = 36930EE924FF306D00A54C2F /* AutoScrollingNavigator.swift */; };
		36930EEC24FF307D00A54C2F /* AutoScrollingUseCase.swift in Sources */ = {isa = PBXBuildFile; fileRef = 36930EEB24FF307D00A54C2F /* AutoScrollingUseCase.swift */; };
		36AF93AC25263CCF00DEC09F /* ListGenre.storyboard in Resources */ = {isa = PBXBuildFile; fileRef = 36AF93AB25263CCF00DEC09F /* ListGenre.storyboard */; };
		36AF93AF25263D6C00DEC09F /* ListGenreViewController.swift in Sources */ = {isa = PBXBuildFile; fileRef = 36AF93AE25263D6C00DEC09F /* ListGenreViewController.swift */; };
		36AF93B125263D7F00DEC09F /* ListGenreViewModel.swift in Sources */ = {isa = PBXBuildFile; fileRef = 36AF93B025263D7F00DEC09F /* ListGenreViewModel.swift */; };
		36AF93B325263D8900DEC09F /* ListGenreNavigator.swift in Sources */ = {isa = PBXBuildFile; fileRef = 36AF93B225263D8900DEC09F /* ListGenreNavigator.swift */; };
		36AF93B525263D9300DEC09F /* ListGenreUseCase.swift in Sources */ = {isa = PBXBuildFile; fileRef = 36AF93B425263D9300DEC09F /* ListGenreUseCase.swift */; };
		36AF93BB25264B2A00DEC09F /* ListGenreTableViewCell.swift in Sources */ = {isa = PBXBuildFile; fileRef = 36AF93B925264B2A00DEC09F /* ListGenreTableViewCell.swift */; };
		36AF93BC25264B2A00DEC09F /* ListGenreTableViewCell.xib in Resources */ = {isa = PBXBuildFile; fileRef = 36AF93BA25264B2A00DEC09F /* ListGenreTableViewCell.xib */; };
		36B874B22502113100DA4DD8 /* SimilarResponse.swift in Sources */ = {isa = PBXBuildFile; fileRef = 36B874B12502113100DA4DD8 /* SimilarResponse.swift */; };
		36B874B42502116C00DA4DD8 /* ResultGenreSelected.swift in Sources */ = {isa = PBXBuildFile; fileRef = 36B874B32502116B00DA4DD8 /* ResultGenreSelected.swift */; };
		36B874B8250211D500DA4DD8 /* ResultArtist.swift in Sources */ = {isa = PBXBuildFile; fileRef = 36B874B7250211D500DA4DD8 /* ResultArtist.swift */; };
		36B874BA2502129300DA4DD8 /* ResultMovieArtist.swift in Sources */ = {isa = PBXBuildFile; fileRef = 36B874B92502129300DA4DD8 /* ResultMovieArtist.swift */; };
		36B874BD250212D200DA4DD8 /* ResultSearchMovie.swift in Sources */ = {isa = PBXBuildFile; fileRef = 36B874BC250212D200DA4DD8 /* ResultSearchMovie.swift */; };
		36B874BF2502131100DA4DD8 /* ResultSearchArtist.swift in Sources */ = {isa = PBXBuildFile; fileRef = 36B874BE2502131100DA4DD8 /* ResultSearchArtist.swift */; };
		36B874D225021BE000DA4DD8 /* ResultGenreList.swift in Sources */ = {isa = PBXBuildFile; fileRef = 36B874D125021BE000DA4DD8 /* ResultGenreList.swift */; };
		36BB36C52501E5D6006FFB5C /* APIService.swift in Sources */ = {isa = PBXBuildFile; fileRef = 36BB36C42501E5D6006FFB5C /* APIService.swift */; };
		36BB36C72501EBCA006FFB5C /* BaseRequest.swift in Sources */ = {isa = PBXBuildFile; fileRef = 36BB36C62501EBCA006FFB5C /* BaseRequest.swift */; };
		36BB36C92501ED03006FFB5C /* HTTPStatusCode.swift in Sources */ = {isa = PBXBuildFile; fileRef = 36BB36C82501ED03006FFB5C /* HTTPStatusCode.swift */; };
		36BB36CB2501ED25006FFB5C /* BaseError.swift in Sources */ = {isa = PBXBuildFile; fileRef = 36BB36CA2501ED25006FFB5C /* BaseError.swift */; };
		36BB36CD2501ED47006FFB5C /* ErrorResponse.swift in Sources */ = {isa = PBXBuildFile; fileRef = 36BB36CC2501ED47006FFB5C /* ErrorResponse.swift */; };
		36BB36CF2501EDE1006FFB5C /* URLs.swift in Sources */ = {isa = PBXBuildFile; fileRef = 36BB36CE2501EDE1006FFB5C /* URLs.swift */; };
		36BB36D12501F296006FFB5C /* APIKey.swift in Sources */ = {isa = PBXBuildFile; fileRef = 36BB36D02501F296006FFB5C /* APIKey.swift */; };
		36EAF73D2509D47F00BE18BD /* TopRatedCollectionViewCell.xib in Resources */ = {isa = PBXBuildFile; fileRef = 36EAF73B2509D47F00BE18BD /* TopRatedCollectionViewCell.xib */; };
		36EAF73F2509D5AE00BE18BD /* TopRatedCollectionViewCell.swift in Sources */ = {isa = PBXBuildFile; fileRef = 36EAF73E2509D5AE00BE18BD /* TopRatedCollectionViewCell.swift */; };
		36EAF7422509FFBE00BE18BD /* UpComingCollectionViewCell.swift in Sources */ = {isa = PBXBuildFile; fileRef = 36EAF7402509FFBE00BE18BD /* UpComingCollectionViewCell.swift */; };
		36EAF7432509FFBE00BE18BD /* UpComingCollectionViewCell.xib in Resources */ = {isa = PBXBuildFile; fileRef = 36EAF7412509FFBE00BE18BD /* UpComingCollectionViewCell.xib */; };
		36F889DA250945AE006A7A1D /* PopularCollectionViewCell.swift in Sources */ = {isa = PBXBuildFile; fileRef = 36F889D8250945AE006A7A1D /* PopularCollectionViewCell.swift */; };
		36F889DB250945AE006A7A1D /* PopularCollectionViewCell.xib in Resources */ = {isa = PBXBuildFile; fileRef = 36F889D9250945AE006A7A1D /* PopularCollectionViewCell.xib */; };
		36FAC5FE250B704E00A58035 /* GenreViewModel.swift in Sources */ = {isa = PBXBuildFile; fileRef = 36FAC5FA250B704E00A58035 /* GenreViewModel.swift */; };
		36FAC5FF250B704E00A58035 /* GenreViewController.swift in Sources */ = {isa = PBXBuildFile; fileRef = 36FAC5FB250B704E00A58035 /* GenreViewController.swift */; };
		36FAC600250B704E00A58035 /* GenreUseCase.swift in Sources */ = {isa = PBXBuildFile; fileRef = 36FAC5FC250B704E00A58035 /* GenreUseCase.swift */; };
		36FAC601250B704E00A58035 /* GenreNavigator.swift in Sources */ = {isa = PBXBuildFile; fileRef = 36FAC5FD250B704E00A58035 /* GenreNavigator.swift */; };
		36FAC605250B706000A58035 /* GenreTableViewCell.xib in Resources */ = {isa = PBXBuildFile; fileRef = 36FAC603250B706000A58035 /* GenreTableViewCell.xib */; };
		36FAC606250B706000A58035 /* GenreTableViewCell.swift in Sources */ = {isa = PBXBuildFile; fileRef = 36FAC604250B706000A58035 /* GenreTableViewCell.swift */; };
		36FAC608250B707A00A58035 /* GenreScene.storyboard in Resources */ = {isa = PBXBuildFile; fileRef = 36FAC607250B707A00A58035 /* GenreScene.storyboard */; };
		36FAC60A250B774800A58035 /* Constant.swift in Sources */ = {isa = PBXBuildFile; fileRef = 36FAC609250B774800A58035 /* Constant.swift */; };
		36FBF509251AE2E000215812 /* SearchUseCase.swift in Sources */ = {isa = PBXBuildFile; fileRef = 36FBF505251AE2DF00215812 /* SearchUseCase.swift */; };
		36FBF50A251AE2E000215812 /* SearchViewController.swift in Sources */ = {isa = PBXBuildFile; fileRef = 36FBF506251AE2E000215812 /* SearchViewController.swift */; };
		36FBF50B251AE2E000215812 /* SearchNavigator.swift in Sources */ = {isa = PBXBuildFile; fileRef = 36FBF507251AE2E000215812 /* SearchNavigator.swift */; };
		36FBF50C251AE2E000215812 /* SearchViewModel.swift in Sources */ = {isa = PBXBuildFile; fileRef = 36FBF508251AE2E000215812 /* SearchViewModel.swift */; };
		36FBF510251AE2EE00215812 /* SearchTableViewCell.xib in Resources */ = {isa = PBXBuildFile; fileRef = 36FBF50E251AE2EE00215812 /* SearchTableViewCell.xib */; };
		36FBF511251AE2EE00215812 /* SearchTableViewCell.swift in Sources */ = {isa = PBXBuildFile; fileRef = 36FBF50F251AE2EE00215812 /* SearchTableViewCell.swift */; };
		36FBF513251AE2FF00215812 /* SearchScene.storyboard in Resources */ = {isa = PBXBuildFile; fileRef = 36FBF512251AE2FF00215812 /* SearchScene.storyboard */; };
		36FBF519251B28F900215812 /* DetailViewController.swift in Sources */ = {isa = PBXBuildFile; fileRef = 36FBF515251B28F900215812 /* DetailViewController.swift */; };
		36FBF51A251B28F900215812 /* DetailMovieUseCase.swift in Sources */ = {isa = PBXBuildFile; fileRef = 36FBF516251B28F900215812 /* DetailMovieUseCase.swift */; };
		36FBF51B251B28F900215812 /* DetailMovieViewModel.swift in Sources */ = {isa = PBXBuildFile; fileRef = 36FBF517251B28F900215812 /* DetailMovieViewModel.swift */; };
		36FBF51C251B28F900215812 /* DetailMovieNavigator.swift in Sources */ = {isa = PBXBuildFile; fileRef = 36FBF518251B28F900215812 /* DetailMovieNavigator.swift */; };
		36FBF51E251B290E00215812 /* DetailScene.storyboard in Resources */ = {isa = PBXBuildFile; fileRef = 36FBF51D251B290E00215812 /* DetailScene.storyboard */; };
		36FBF520251B478C00215812 /* UILabel+.swift in Sources */ = {isa = PBXBuildFile; fileRef = 36FBF51F251B478C00215812 /* UILabel+.swift */; };
/* End PBXBuildFile section */

/* Begin PBXFileReference section */
		0111EFCB7F13206F738705A8 /* Pods_SpoonTV.framework */ = {isa = PBXFileReference; explicitFileType = wrapper.framework; includeInIndex = 0; path = Pods_SpoonTV.framework; sourceTree = BUILT_PRODUCTS_DIR; };
		360B7CA92525F9AD00E15D19 /* ActorCollectionViewCell.swift */ = {isa = PBXFileReference; lastKnownFileType = sourcecode.swift; path = ActorCollectionViewCell.swift; sourceTree = "<group>"; };
		360B7CAA2525F9AD00E15D19 /* ActorCollectionViewCell.xib */ = {isa = PBXFileReference; lastKnownFileType = file.xib; path = ActorCollectionViewCell.xib; sourceTree = "<group>"; };
		360B7CAD2525FFC600E15D19 /* ActorInMovieResponse.swift */ = {isa = PBXFileReference; lastKnownFileType = sourcecode.swift; path = ActorInMovieResponse.swift; sourceTree = "<group>"; };
		360BF49724FCD7B90055C876 /* SpoonTV.app */ = {isa = PBXFileReference; explicitFileType = wrapper.application; includeInIndex = 0; path = SpoonTV.app; sourceTree = BUILT_PRODUCTS_DIR; };
		360BF49A24FCD7B90055C876 /* AppDelegate.swift */ = {isa = PBXFileReference; lastKnownFileType = sourcecode.swift; path = AppDelegate.swift; sourceTree = "<group>"; };
		360BF49C24FCD7B90055C876 /* SceneDelegate.swift */ = {isa = PBXFileReference; lastKnownFileType = sourcecode.swift; path = SceneDelegate.swift; sourceTree = "<group>"; };
		360BF4A124FCD7B90055C876 /* Base */ = {isa = PBXFileReference; lastKnownFileType = file.storyboard; name = Base; path = Base.lproj/Main.storyboard; sourceTree = "<group>"; };
		360BF4A324FCD7BA0055C876 /* Assets.xcassets */ = {isa = PBXFileReference; lastKnownFileType = folder.assetcatalog; path = Assets.xcassets; sourceTree = "<group>"; };
		360BF4A824FCD7BA0055C876 /* Info.plist */ = {isa = PBXFileReference; lastKnownFileType = text.plist.xml; path = Info.plist; sourceTree = "<group>"; };
		360BF4B024FCD8330055C876 /* AutoScrollingLSViewController.swift */ = {isa = PBXFileReference; fileEncoding = 4; lastKnownFileType = sourcecode.swift; path = AutoScrollingLSViewController.swift; sourceTree = "<group>"; };
		360BF4B124FCD8330055C876 /* LaunchScreen.storyboard */ = {isa = PBXFileReference; fileEncoding = 4; lastKnownFileType = file.storyboard; path = LaunchScreen.storyboard; sourceTree = "<group>"; };
		360BF4B224FCD8330055C876 /* AutoScrollingLS.storyboard */ = {isa = PBXFileReference; fileEncoding = 4; lastKnownFileType = file.storyboard; path = AutoScrollingLS.storyboard; sourceTree = "<group>"; };
		3613E5052500E63200684B9B /* MovieDetail.swift */ = {isa = PBXFileReference; lastKnownFileType = sourcecode.swift; path = MovieDetail.swift; sourceTree = "<group>"; };
		3613E5082500EA8400684B9B /* Genres.swift */ = {isa = PBXFileReference; lastKnownFileType = sourcecode.swift; path = Genres.swift; sourceTree = "<group>"; };
		3613E50B2500EB4600684B9B /* ProductionCompany.swift */ = {isa = PBXFileReference; lastKnownFileType = sourcecode.swift; path = ProductionCompany.swift; sourceTree = "<group>"; };
		3613E50D2500EBE400684B9B /* ProductionCountry.swift */ = {isa = PBXFileReference; lastKnownFileType = sourcecode.swift; path = ProductionCountry.swift; sourceTree = "<group>"; };
		3613E50F2500EC4C00684B9B /* SpokenLanguage.swift */ = {isa = PBXFileReference; lastKnownFileType = sourcecode.swift; path = SpokenLanguage.swift; sourceTree = "<group>"; };
		3613E5142500EDE700684B9B /* GenreTabbar.swift */ = {isa = PBXFileReference; lastKnownFileType = sourcecode.swift; path = GenreTabbar.swift; sourceTree = "<group>"; };
		3613E5192500F07600684B9B /* Artist.swift */ = {isa = PBXFileReference; lastKnownFileType = sourcecode.swift; path = Artist.swift; sourceTree = "<group>"; };
		3613E51B2500F11A00684B9B /* ArtistDetail.swift */ = {isa = PBXFileReference; lastKnownFileType = sourcecode.swift; path = ArtistDetail.swift; sourceTree = "<group>"; };
		3613E51D2500F3DB00684B9B /* MovieOfArtist.swift */ = {isa = PBXFileReference; lastKnownFileType = sourcecode.swift; path = MovieOfArtist.swift; sourceTree = "<group>"; };
		362B23602515C01900E20205 /* SeeMoreViewController.swift */ = {isa = PBXFileReference; lastKnownFileType = sourcecode.swift; path = SeeMoreViewController.swift; sourceTree = "<group>"; };
		362B23622515C02500E20205 /* SeeMoreNavigator.swift */ = {isa = PBXFileReference; lastKnownFileType = sourcecode.swift; path = SeeMoreNavigator.swift; sourceTree = "<group>"; };
		362B23642515C02D00E20205 /* SeeMoreViewModel.swift */ = {isa = PBXFileReference; lastKnownFileType = sourcecode.swift; path = SeeMoreViewModel.swift; sourceTree = "<group>"; };
		362B23662515C03600E20205 /* SeeMoreUseCase.swift */ = {isa = PBXFileReference; lastKnownFileType = sourcecode.swift; path = SeeMoreUseCase.swift; sourceTree = "<group>"; };
		362B23682515C05E00E20205 /* SeeMoreTableViewCell.swift */ = {isa = PBXFileReference; lastKnownFileType = sourcecode.swift; path = SeeMoreTableViewCell.swift; sourceTree = "<group>"; };
		362B23692515C05E00E20205 /* SeeMoreTableViewCell.xib */ = {isa = PBXFileReference; lastKnownFileType = file.xib; path = SeeMoreTableViewCell.xib; sourceTree = "<group>"; };
		362B236C2515C08200E20205 /* SeeMoreScene.storyboard */ = {isa = PBXFileReference; lastKnownFileType = file.storyboard; path = SeeMoreScene.storyboard; sourceTree = "<group>"; };
		363B5F2C2525F2E800583927 /* ActorListInMovie.swift */ = {isa = PBXFileReference; lastKnownFileType = sourcecode.swift; path = ActorListInMovie.swift; sourceTree = "<group>"; };
		364159C0251C348A0059E2F3 /* SimilarMovieCollectionViewCell.swift */ = {isa = PBXFileReference; lastKnownFileType = sourcecode.swift; path = SimilarMovieCollectionViewCell.swift; sourceTree = "<group>"; };
		364159C1251C348A0059E2F3 /* SimilarMovieCollectionViewCell.xib */ = {isa = PBXFileReference; lastKnownFileType = file.xib; path = SimilarMovieCollectionViewCell.xib; sourceTree = "<group>"; };
		364D2DA8250F00A900746DC7 /* ArtistUseCase.swift */ = {isa = PBXFileReference; fileEncoding = 4; lastKnownFileType = sourcecode.swift; path = ArtistUseCase.swift; sourceTree = "<group>"; };
		364D2DA9250F00A900746DC7 /* ArtistNavigator.swift */ = {isa = PBXFileReference; fileEncoding = 4; lastKnownFileType = sourcecode.swift; path = ArtistNavigator.swift; sourceTree = "<group>"; };
		364D2DAA250F00A900746DC7 /* ArtistViewModel.swift */ = {isa = PBXFileReference; fileEncoding = 4; lastKnownFileType = sourcecode.swift; path = ArtistViewModel.swift; sourceTree = "<group>"; };
		364D2DAB250F00A900746DC7 /* ArtistViewController.swift */ = {isa = PBXFileReference; fileEncoding = 4; lastKnownFileType = sourcecode.swift; path = ArtistViewController.swift; sourceTree = "<group>"; };
		364D2DB1250F00C500746DC7 /* ArtistCollectionViewCell.xib */ = {isa = PBXFileReference; fileEncoding = 4; lastKnownFileType = file.xib; path = ArtistCollectionViewCell.xib; sourceTree = "<group>"; };
		364D2DB2250F00C500746DC7 /* ArtistCollectionViewCell.swift */ = {isa = PBXFileReference; fileEncoding = 4; lastKnownFileType = sourcecode.swift; path = ArtistCollectionViewCell.swift; sourceTree = "<group>"; };
		364D2DB5250F011D00746DC7 /* ArtistScene.storyboard */ = {isa = PBXFileReference; fileEncoding = 4; lastKnownFileType = file.storyboard; path = ArtistScene.storyboard; sourceTree = "<group>"; };
		36586CE524FE3D3900721F27 /* AppViewModel.swift */ = {isa = PBXFileReference; lastKnownFileType = sourcecode.swift; path = AppViewModel.swift; sourceTree = "<group>"; };
		36586CE724FE3D4600721F27 /* AppNavigator.swift */ = {isa = PBXFileReference; lastKnownFileType = sourcecode.swift; path = AppNavigator.swift; sourceTree = "<group>"; };
		36586CE924FE3D5400721F27 /* AppUseCase.swift */ = {isa = PBXFileReference; lastKnownFileType = sourcecode.swift; path = AppUseCase.swift; sourceTree = "<group>"; };
		3663833B2518337B00C6B216 /* MoreMovie.swift */ = {isa = PBXFileReference; lastKnownFileType = sourcecode.swift; path = MoreMovie.swift; sourceTree = "<group>"; };
		3663833D2518516500C6B216 /* Movie.swift */ = {isa = PBXFileReference; lastKnownFileType = sourcecode.swift; path = Movie.swift; sourceTree = "<group>"; };
		36751EEA2506994600554A18 /* ArtistRepositories.swift */ = {isa = PBXFileReference; fileEncoding = 4; lastKnownFileType = sourcecode.swift; path = ArtistRepositories.swift; sourceTree = "<group>"; };
		36751EEB2506994600554A18 /* GenreRepositories.swift */ = {isa = PBXFileReference; fileEncoding = 4; lastKnownFileType = sourcecode.swift; path = GenreRepositories.swift; sourceTree = "<group>"; };
		36751EEC2506994600554A18 /* SearchRepositories.swift */ = {isa = PBXFileReference; fileEncoding = 4; lastKnownFileType = sourcecode.swift; path = SearchRepositories.swift; sourceTree = "<group>"; };
		36751EED2506994600554A18 /* MovieRepositories.swift */ = {isa = PBXFileReference; fileEncoding = 4; lastKnownFileType = sourcecode.swift; path = MovieRepositories.swift; sourceTree = "<group>"; };
		36751EF62506998B00554A18 /* TopRatedRequest.swift */ = {isa = PBXFileReference; fileEncoding = 4; lastKnownFileType = sourcecode.swift; path = TopRatedRequest.swift; sourceTree = "<group>"; };
		36751EF72506998B00554A18 /* SimilarRequest.swift */ = {isa = PBXFileReference; fileEncoding = 4; lastKnownFileType = sourcecode.swift; path = SimilarRequest.swift; sourceTree = "<group>"; };
		36751EF82506998B00554A18 /* UpComingRequest.swift */ = {isa = PBXFileReference; fileEncoding = 4; lastKnownFileType = sourcecode.swift; path = UpComingRequest.swift; sourceTree = "<group>"; };
		36751EF92506998B00554A18 /* PopularRequest.swift */ = {isa = PBXFileReference; fileEncoding = 4; lastKnownFileType = sourcecode.swift; path = PopularRequest.swift; sourceTree = "<group>"; };
		36751EFA2506998B00554A18 /* DetailRequest.swift */ = {isa = PBXFileReference; fileEncoding = 4; lastKnownFileType = sourcecode.swift; path = DetailRequest.swift; sourceTree = "<group>"; };
		36751F002506999500554A18 /* ListGenreRequest.swift */ = {isa = PBXFileReference; fileEncoding = 4; lastKnownFileType = sourcecode.swift; path = ListGenreRequest.swift; sourceTree = "<group>"; };
		36751F012506999500554A18 /* SelectedGenreRequest.swift */ = {isa = PBXFileReference; fileEncoding = 4; lastKnownFileType = sourcecode.swift; path = SelectedGenreRequest.swift; sourceTree = "<group>"; };
		36751F04250699A400554A18 /* MovieOfSeletedRequest.swift */ = {isa = PBXFileReference; fileEncoding = 4; lastKnownFileType = sourcecode.swift; path = MovieOfSeletedRequest.swift; sourceTree = "<group>"; };
		36751F05250699A400554A18 /* SelectedArtistRequest.swift */ = {isa = PBXFileReference; fileEncoding = 4; lastKnownFileType = sourcecode.swift; path = SelectedArtistRequest.swift; sourceTree = "<group>"; };
		36751F06250699A400554A18 /* ListArtistRequest.swift */ = {isa = PBXFileReference; fileEncoding = 4; lastKnownFileType = sourcecode.swift; path = ListArtistRequest.swift; sourceTree = "<group>"; };
		36751F0A250699AE00554A18 /* SearchForArtistRequest.swift */ = {isa = PBXFileReference; fileEncoding = 4; lastKnownFileType = sourcecode.swift; path = SearchForArtistRequest.swift; sourceTree = "<group>"; };
		36751F0B250699AE00554A18 /* SearchForMovieRequest.swift */ = {isa = PBXFileReference; fileEncoding = 4; lastKnownFileType = sourcecode.swift; path = SearchForMovieRequest.swift; sourceTree = "<group>"; };
		36831A282508C74D005FD99F /* DiscoverNavigator.swift */ = {isa = PBXFileReference; fileEncoding = 4; lastKnownFileType = sourcecode.swift; path = DiscoverNavigator.swift; sourceTree = "<group>"; };
		36831A292508C74E005FD99F /* DiscoverViewController.swift */ = {isa = PBXFileReference; fileEncoding = 4; lastKnownFileType = sourcecode.swift; path = DiscoverViewController.swift; sourceTree = "<group>"; };
		36831A2A2508C74E005FD99F /* DiscoverUseCase.swift */ = {isa = PBXFileReference; fileEncoding = 4; lastKnownFileType = sourcecode.swift; path = DiscoverUseCase.swift; sourceTree = "<group>"; };
		36831A2B2508C74E005FD99F /* DiscoverViewModel.swift */ = {isa = PBXFileReference; fileEncoding = 4; lastKnownFileType = sourcecode.swift; path = DiscoverViewModel.swift; sourceTree = "<group>"; };
		36831A302508C76E005FD99F /* MainTabbarController.swift */ = {isa = PBXFileReference; fileEncoding = 4; lastKnownFileType = sourcecode.swift; path = MainTabbarController.swift; sourceTree = "<group>"; };
		36831A312508C76E005FD99F /* MainTabbarNavigator.swift */ = {isa = PBXFileReference; fileEncoding = 4; lastKnownFileType = sourcecode.swift; path = MainTabbarNavigator.swift; sourceTree = "<group>"; };
		36831A322508C76E005FD99F /* MainTabbarUseCase.swift */ = {isa = PBXFileReference; fileEncoding = 4; lastKnownFileType = sourcecode.swift; path = MainTabbarUseCase.swift; sourceTree = "<group>"; };
		36831A332508C76E005FD99F /* MainTabbarViewModel.swift */ = {isa = PBXFileReference; fileEncoding = 4; lastKnownFileType = sourcecode.swift; path = MainTabbarViewModel.swift; sourceTree = "<group>"; };
		36831A382508C784005FD99F /* MainTabbar.storyboard */ = {isa = PBXFileReference; fileEncoding = 4; lastKnownFileType = file.storyboard; path = MainTabbar.storyboard; sourceTree = "<group>"; };
		36831A3A2508C78B005FD99F /* DiscoverScene.storyboard */ = {isa = PBXFileReference; fileEncoding = 4; lastKnownFileType = file.storyboard; path = DiscoverScene.storyboard; sourceTree = "<group>"; };
		3684FF762524F4DD00673B80 /* Array+.swift */ = {isa = PBXFileReference; lastKnownFileType = sourcecode.swift; path = "Array+.swift"; sourceTree = "<group>"; };
		3684FF782525020000673B80 /* ActorOfMovie.swift */ = {isa = PBXFileReference; lastKnownFileType = sourcecode.swift; path = ActorOfMovie.swift; sourceTree = "<group>"; };
		368A30D725009A4C002973E7 /* UIView+.swift */ = {isa = PBXFileReference; lastKnownFileType = sourcecode.swift; path = "UIView+.swift"; sourceTree = "<group>"; };
		368E0F672518FAF50029A718 /* MovieResponse.swift */ = {isa = PBXFileReference; lastKnownFileType = sourcecode.swift; path = MovieResponse.swift; sourceTree = "<group>"; };
		36930EE724FF305E00A54C2F /* AutoScrollingViewModel.swift */ = {isa = PBXFileReference; lastKnownFileType = sourcecode.swift; path = AutoScrollingViewModel.swift; sourceTree = "<group>"; };
		36930EE924FF306D00A54C2F /* AutoScrollingNavigator.swift */ = {isa = PBXFileReference; lastKnownFileType = sourcecode.swift; path = AutoScrollingNavigator.swift; sourceTree = "<group>"; };
		36930EEB24FF307D00A54C2F /* AutoScrollingUseCase.swift */ = {isa = PBXFileReference; lastKnownFileType = sourcecode.swift; path = AutoScrollingUseCase.swift; sourceTree = "<group>"; };
		36AF93AB25263CCF00DEC09F /* ListGenre.storyboard */ = {isa = PBXFileReference; lastKnownFileType = file.storyboard; path = ListGenre.storyboard; sourceTree = "<group>"; };
		36AF93AE25263D6C00DEC09F /* ListGenreViewController.swift */ = {isa = PBXFileReference; lastKnownFileType = sourcecode.swift; path = ListGenreViewController.swift; sourceTree = "<group>"; };
		36AF93B025263D7F00DEC09F /* ListGenreViewModel.swift */ = {isa = PBXFileReference; lastKnownFileType = sourcecode.swift; path = ListGenreViewModel.swift; sourceTree = "<group>"; };
		36AF93B225263D8900DEC09F /* ListGenreNavigator.swift */ = {isa = PBXFileReference; lastKnownFileType = sourcecode.swift; path = ListGenreNavigator.swift; sourceTree = "<group>"; };
		36AF93B425263D9300DEC09F /* ListGenreUseCase.swift */ = {isa = PBXFileReference; lastKnownFileType = sourcecode.swift; path = ListGenreUseCase.swift; sourceTree = "<group>"; };
		36AF93B925264B2A00DEC09F /* ListGenreTableViewCell.swift */ = {isa = PBXFileReference; lastKnownFileType = sourcecode.swift; path = ListGenreTableViewCell.swift; sourceTree = "<group>"; };
		36AF93BA25264B2A00DEC09F /* ListGenreTableViewCell.xib */ = {isa = PBXFileReference; lastKnownFileType = file.xib; path = ListGenreTableViewCell.xib; sourceTree = "<group>"; };
		36B874B12502113100DA4DD8 /* SimilarResponse.swift */ = {isa = PBXFileReference; lastKnownFileType = sourcecode.swift; path = SimilarResponse.swift; sourceTree = "<group>"; };
		36B874B32502116B00DA4DD8 /* ResultGenreSelected.swift */ = {isa = PBXFileReference; lastKnownFileType = sourcecode.swift; path = ResultGenreSelected.swift; sourceTree = "<group>"; };
		36B874B7250211D500DA4DD8 /* ResultArtist.swift */ = {isa = PBXFileReference; lastKnownFileType = sourcecode.swift; path = ResultArtist.swift; sourceTree = "<group>"; };
		36B874B92502129300DA4DD8 /* ResultMovieArtist.swift */ = {isa = PBXFileReference; lastKnownFileType = sourcecode.swift; path = ResultMovieArtist.swift; sourceTree = "<group>"; };
		36B874BC250212D200DA4DD8 /* ResultSearchMovie.swift */ = {isa = PBXFileReference; lastKnownFileType = sourcecode.swift; path = ResultSearchMovie.swift; sourceTree = "<group>"; };
		36B874BE2502131100DA4DD8 /* ResultSearchArtist.swift */ = {isa = PBXFileReference; lastKnownFileType = sourcecode.swift; path = ResultSearchArtist.swift; sourceTree = "<group>"; };
		36B874D125021BE000DA4DD8 /* ResultGenreList.swift */ = {isa = PBXFileReference; lastKnownFileType = sourcecode.swift; path = ResultGenreList.swift; sourceTree = "<group>"; };
		36BB36C42501E5D6006FFB5C /* APIService.swift */ = {isa = PBXFileReference; lastKnownFileType = sourcecode.swift; path = APIService.swift; sourceTree = "<group>"; };
		36BB36C62501EBCA006FFB5C /* BaseRequest.swift */ = {isa = PBXFileReference; lastKnownFileType = sourcecode.swift; path = BaseRequest.swift; sourceTree = "<group>"; };
		36BB36C82501ED03006FFB5C /* HTTPStatusCode.swift */ = {isa = PBXFileReference; lastKnownFileType = sourcecode.swift; path = HTTPStatusCode.swift; sourceTree = "<group>"; };
		36BB36CA2501ED25006FFB5C /* BaseError.swift */ = {isa = PBXFileReference; lastKnownFileType = sourcecode.swift; path = BaseError.swift; sourceTree = "<group>"; };
		36BB36CC2501ED47006FFB5C /* ErrorResponse.swift */ = {isa = PBXFileReference; lastKnownFileType = sourcecode.swift; path = ErrorResponse.swift; sourceTree = "<group>"; };
		36BB36CE2501EDE1006FFB5C /* URLs.swift */ = {isa = PBXFileReference; lastKnownFileType = sourcecode.swift; path = URLs.swift; sourceTree = "<group>"; };
		36BB36D02501F296006FFB5C /* APIKey.swift */ = {isa = PBXFileReference; lastKnownFileType = sourcecode.swift; path = APIKey.swift; sourceTree = "<group>"; };
		36EAF73B2509D47F00BE18BD /* TopRatedCollectionViewCell.xib */ = {isa = PBXFileReference; lastKnownFileType = file.xib; path = TopRatedCollectionViewCell.xib; sourceTree = "<group>"; };
		36EAF73E2509D5AE00BE18BD /* TopRatedCollectionViewCell.swift */ = {isa = PBXFileReference; lastKnownFileType = sourcecode.swift; path = TopRatedCollectionViewCell.swift; sourceTree = "<group>"; };
		36EAF7402509FFBE00BE18BD /* UpComingCollectionViewCell.swift */ = {isa = PBXFileReference; lastKnownFileType = sourcecode.swift; path = UpComingCollectionViewCell.swift; sourceTree = "<group>"; };
		36EAF7412509FFBE00BE18BD /* UpComingCollectionViewCell.xib */ = {isa = PBXFileReference; lastKnownFileType = file.xib; path = UpComingCollectionViewCell.xib; sourceTree = "<group>"; };
		36F889D8250945AE006A7A1D /* PopularCollectionViewCell.swift */ = {isa = PBXFileReference; lastKnownFileType = sourcecode.swift; path = PopularCollectionViewCell.swift; sourceTree = "<group>"; };
		36F889D9250945AE006A7A1D /* PopularCollectionViewCell.xib */ = {isa = PBXFileReference; lastKnownFileType = file.xib; path = PopularCollectionViewCell.xib; sourceTree = "<group>"; };
		36FAC5FA250B704E00A58035 /* GenreViewModel.swift */ = {isa = PBXFileReference; fileEncoding = 4; lastKnownFileType = sourcecode.swift; path = GenreViewModel.swift; sourceTree = "<group>"; };
		36FAC5FB250B704E00A58035 /* GenreViewController.swift */ = {isa = PBXFileReference; fileEncoding = 4; lastKnownFileType = sourcecode.swift; path = GenreViewController.swift; sourceTree = "<group>"; };
		36FAC5FC250B704E00A58035 /* GenreUseCase.swift */ = {isa = PBXFileReference; fileEncoding = 4; lastKnownFileType = sourcecode.swift; path = GenreUseCase.swift; sourceTree = "<group>"; };
		36FAC5FD250B704E00A58035 /* GenreNavigator.swift */ = {isa = PBXFileReference; fileEncoding = 4; lastKnownFileType = sourcecode.swift; path = GenreNavigator.swift; sourceTree = "<group>"; };
		36FAC603250B706000A58035 /* GenreTableViewCell.xib */ = {isa = PBXFileReference; fileEncoding = 4; lastKnownFileType = file.xib; path = GenreTableViewCell.xib; sourceTree = "<group>"; };
		36FAC604250B706000A58035 /* GenreTableViewCell.swift */ = {isa = PBXFileReference; fileEncoding = 4; lastKnownFileType = sourcecode.swift; path = GenreTableViewCell.swift; sourceTree = "<group>"; };
		36FAC607250B707A00A58035 /* GenreScene.storyboard */ = {isa = PBXFileReference; fileEncoding = 4; lastKnownFileType = file.storyboard; path = GenreScene.storyboard; sourceTree = "<group>"; };
		36FAC609250B774800A58035 /* Constant.swift */ = {isa = PBXFileReference; lastKnownFileType = sourcecode.swift; path = Constant.swift; sourceTree = "<group>"; };
		36FBF505251AE2DF00215812 /* SearchUseCase.swift */ = {isa = PBXFileReference; fileEncoding = 4; lastKnownFileType = sourcecode.swift; path = SearchUseCase.swift; sourceTree = "<group>"; };
		36FBF506251AE2E000215812 /* SearchViewController.swift */ = {isa = PBXFileReference; fileEncoding = 4; lastKnownFileType = sourcecode.swift; path = SearchViewController.swift; sourceTree = "<group>"; };
		36FBF507251AE2E000215812 /* SearchNavigator.swift */ = {isa = PBXFileReference; fileEncoding = 4; lastKnownFileType = sourcecode.swift; path = SearchNavigator.swift; sourceTree = "<group>"; };
		36FBF508251AE2E000215812 /* SearchViewModel.swift */ = {isa = PBXFileReference; fileEncoding = 4; lastKnownFileType = sourcecode.swift; path = SearchViewModel.swift; sourceTree = "<group>"; };
		36FBF50E251AE2EE00215812 /* SearchTableViewCell.xib */ = {isa = PBXFileReference; fileEncoding = 4; lastKnownFileType = file.xib; path = SearchTableViewCell.xib; sourceTree = "<group>"; };
		36FBF50F251AE2EE00215812 /* SearchTableViewCell.swift */ = {isa = PBXFileReference; fileEncoding = 4; lastKnownFileType = sourcecode.swift; path = SearchTableViewCell.swift; sourceTree = "<group>"; };
		36FBF512251AE2FF00215812 /* SearchScene.storyboard */ = {isa = PBXFileReference; fileEncoding = 4; lastKnownFileType = file.storyboard; path = SearchScene.storyboard; sourceTree = "<group>"; };
		36FBF515251B28F900215812 /* DetailViewController.swift */ = {isa = PBXFileReference; fileEncoding = 4; lastKnownFileType = sourcecode.swift; path = DetailViewController.swift; sourceTree = "<group>"; };
		36FBF516251B28F900215812 /* DetailMovieUseCase.swift */ = {isa = PBXFileReference; fileEncoding = 4; lastKnownFileType = sourcecode.swift; path = DetailMovieUseCase.swift; sourceTree = "<group>"; };
		36FBF517251B28F900215812 /* DetailMovieViewModel.swift */ = {isa = PBXFileReference; fileEncoding = 4; lastKnownFileType = sourcecode.swift; path = DetailMovieViewModel.swift; sourceTree = "<group>"; };
		36FBF518251B28F900215812 /* DetailMovieNavigator.swift */ = {isa = PBXFileReference; fileEncoding = 4; lastKnownFileType = sourcecode.swift; path = DetailMovieNavigator.swift; sourceTree = "<group>"; };
		36FBF51D251B290E00215812 /* DetailScene.storyboard */ = {isa = PBXFileReference; fileEncoding = 4; lastKnownFileType = file.storyboard; path = DetailScene.storyboard; sourceTree = "<group>"; };
		36FBF51F251B478C00215812 /* UILabel+.swift */ = {isa = PBXFileReference; lastKnownFileType = sourcecode.swift; path = "UILabel+.swift"; sourceTree = "<group>"; };
		7CB5C4E547503D1E22A6934A /* Pods-SpoonTV.debug.xcconfig */ = {isa = PBXFileReference; includeInIndex = 1; lastKnownFileType = text.xcconfig; name = "Pods-SpoonTV.debug.xcconfig"; path = "Target Support Files/Pods-SpoonTV/Pods-SpoonTV.debug.xcconfig"; sourceTree = "<group>"; };
		A8FDDCAB5B2CF6F8536F78C7 /* Pods-SpoonTV.release.xcconfig */ = {isa = PBXFileReference; includeInIndex = 1; lastKnownFileType = text.xcconfig; name = "Pods-SpoonTV.release.xcconfig"; path = "Target Support Files/Pods-SpoonTV/Pods-SpoonTV.release.xcconfig"; sourceTree = "<group>"; };
/* End PBXFileReference section */

/* Begin PBXFrameworksBuildPhase section */
		360BF49424FCD7B90055C876 /* Frameworks */ = {
			isa = PBXFrameworksBuildPhase;
			buildActionMask = 2147483647;
			files = (
				15873DFB5FCD4E091D1E8A2C /* Pods_SpoonTV.framework in Frameworks */,
			);
			runOnlyForDeploymentPostprocessing = 0;
		};
/* End PBXFrameworksBuildPhase section */

/* Begin PBXGroup section */
		360B7CA82525F99C00E15D19 /* ActorCell */ = {
			isa = PBXGroup;
			children = (
				360B7CA92525F9AD00E15D19 /* ActorCollectionViewCell.swift */,
				360B7CAA2525F9AD00E15D19 /* ActorCollectionViewCell.xib */,
			);
			path = ActorCell;
			sourceTree = "<group>";
		};
		360BF48E24FCD7B90055C876 = {
			isa = PBXGroup;
			children = (
				360BF49924FCD7B90055C876 /* SpoonTV */,
				360BF49824FCD7B90055C876 /* Products */,
				90C2C63A763BA9CF22814F4E /* Pods */,
				36F249A8C0583A656206291B /* Frameworks */,
			);
			sourceTree = "<group>";
		};
		360BF49824FCD7B90055C876 /* Products */ = {
			isa = PBXGroup;
			children = (
				360BF49724FCD7B90055C876 /* SpoonTV.app */,
			);
			name = Products;
			sourceTree = "<group>";
		};
		360BF49924FCD7B90055C876 /* SpoonTV */ = {
			isa = PBXGroup;
			children = (
				360BF4B624FCD8D50055C876 /* AppDelegate */,
				364AEEBD24FCF319002447CC /* Utils */,
				364AEEC124FCF34E002447CC /* Extension */,
				364AEEBE24FCF327002447CC /* Domain */,
				364AEEBF24FCF32D002447CC /* Platform */,
				364AEEC024FCF33A002447CC /* Scenes */,
				360BF4A824FCD7BA0055C876 /* Info.plist */,
				360BF4A324FCD7BA0055C876 /* Assets.xcassets */,
			);
			path = SpoonTV;
			sourceTree = "<group>";
		};
		360BF4B624FCD8D50055C876 /* AppDelegate */ = {
			isa = PBXGroup;
			children = (
				360BF49A24FCD7B90055C876 /* AppDelegate.swift */,
				360BF49C24FCD7B90055C876 /* SceneDelegate.swift */,
			);
			path = AppDelegate;
			sourceTree = "<group>";
		};
		3613E5072500E92100684B9B /* MovieDetail */ = {
			isa = PBXGroup;
			children = (
				3613E5052500E63200684B9B /* MovieDetail.swift */,
				3684FF782525020000673B80 /* ActorOfMovie.swift */,
				3613E5082500EA8400684B9B /* Genres.swift */,
				3613E50B2500EB4600684B9B /* ProductionCompany.swift */,
				3613E50D2500EBE400684B9B /* ProductionCountry.swift */,
				3613E50F2500EC4C00684B9B /* SpokenLanguage.swift */,
			);
			path = MovieDetail;
			sourceTree = "<group>";
		};
		3613E50A2500EB1D00684B9B /* DiscoverTabbar */ = {
			isa = PBXGroup;
			children = (
				3663833D2518516500C6B216 /* Movie.swift */,
			);
			path = DiscoverTabbar;
			sourceTree = "<group>";
		};
		3613E5132500EDD400684B9B /* GenreTabar */ = {
			isa = PBXGroup;
			children = (
				3613E5142500EDE700684B9B /* GenreTabbar.swift */,
			);
			path = GenreTabar;
			sourceTree = "<group>";
		};
		3613E5182500F05700684B9B /* ArtistTabbar */ = {
			isa = PBXGroup;
			children = (
				3613E5192500F07600684B9B /* Artist.swift */,
				3613E51B2500F11A00684B9B /* ArtistDetail.swift */,
				3613E51D2500F3DB00684B9B /* MovieOfArtist.swift */,
			);
			path = ArtistTabbar;
			sourceTree = "<group>";
		};
		362B235E2515BFE400E20205 /* SeeMoreScene */ = {
			isa = PBXGroup;
			children = (
				362B235F2515BFFF00E20205 /* Cell */,
				362B23602515C01900E20205 /* SeeMoreViewController.swift */,
				362B23642515C02D00E20205 /* SeeMoreViewModel.swift */,
				362B23622515C02500E20205 /* SeeMoreNavigator.swift */,
				362B23662515C03600E20205 /* SeeMoreUseCase.swift */,
			);
			path = SeeMoreScene;
			sourceTree = "<group>";
		};
		362B235F2515BFFF00E20205 /* Cell */ = {
			isa = PBXGroup;
			children = (
				362B23682515C05E00E20205 /* SeeMoreTableViewCell.swift */,
				362B23692515C05E00E20205 /* SeeMoreTableViewCell.xib */,
			);
			path = Cell;
			sourceTree = "<group>";
		};
		364159BF251C34760059E2F3 /* SimilarMovieCell */ = {
			isa = PBXGroup;
			children = (
				364159C0251C348A0059E2F3 /* SimilarMovieCollectionViewCell.swift */,
				364159C1251C348A0059E2F3 /* SimilarMovieCollectionViewCell.xib */,
			);
			path = SimilarMovieCell;
			sourceTree = "<group>";
		};
		364AEEBD24FCF319002447CC /* Utils */ = {
			isa = PBXGroup;
			children = (
				36BB36CE2501EDE1006FFB5C /* URLs.swift */,
				36BB36D02501F296006FFB5C /* APIKey.swift */,
				36FAC609250B774800A58035 /* Constant.swift */,
			);
			path = Utils;
			sourceTree = "<group>";
		};
		364AEEBE24FCF327002447CC /* Domain */ = {
			isa = PBXGroup;
			children = (
				364AEECB24FCF3CD002447CC /* Model */,
			);
			path = Domain;
			sourceTree = "<group>";
		};
		364AEEBF24FCF32D002447CC /* Platform */ = {
			isa = PBXGroup;
			children = (
				364AEEC524FCF39A002447CC /* Service */,
				364AEEC624FCF3A1002447CC /* Repositories */,
			);
			path = Platform;
			sourceTree = "<group>";
		};
		364AEEC024FCF33A002447CC /* Scenes */ = {
			isa = PBXGroup;
			children = (
				364AEEC424FCF370002447CC /* Storyboard */,
				364AEEC324FCF364002447CC /* App */,
				36FF29EB24FEA28C0095221B /* AutoScrolling */,
				364AEEC224FCF35C002447CC /* MainTabbar */,
				36831A272508C732005FD99F /* DiscoverScene */,
				36FAC5F9250B701500A58035 /* GenreScene */,
				36AF93AD25263D5200DEC09F /* ListGenre */,
				364D2DA7250F008900746DC7 /* ArtistScene */,
				362B235E2515BFE400E20205 /* SeeMoreScene */,
				36FBF504251AE2B300215812 /* SearchScene */,
				36FBF514251B28BD00215812 /* DetailScene */,
			);
			path = Scenes;
			sourceTree = "<group>";
		};
		364AEEC124FCF34E002447CC /* Extension */ = {
			isa = PBXGroup;
			children = (
				368A30D725009A4C002973E7 /* UIView+.swift */,
				36FBF51F251B478C00215812 /* UILabel+.swift */,
				3684FF762524F4DD00673B80 /* Array+.swift */,
			);
			path = Extension;
			sourceTree = "<group>";
		};
		364AEEC224FCF35C002447CC /* MainTabbar */ = {
			isa = PBXGroup;
			children = (
				36831A302508C76E005FD99F /* MainTabbarController.swift */,
				36831A332508C76E005FD99F /* MainTabbarViewModel.swift */,
				36831A312508C76E005FD99F /* MainTabbarNavigator.swift */,
				36831A322508C76E005FD99F /* MainTabbarUseCase.swift */,
			);
			path = MainTabbar;
			sourceTree = "<group>";
		};
		364AEEC324FCF364002447CC /* App */ = {
			isa = PBXGroup;
			children = (
				36586CE524FE3D3900721F27 /* AppViewModel.swift */,
				36586CE724FE3D4600721F27 /* AppNavigator.swift */,
				36586CE924FE3D5400721F27 /* AppUseCase.swift */,
			);
			path = App;
			sourceTree = "<group>";
		};
		364AEEC424FCF370002447CC /* Storyboard */ = {
			isa = PBXGroup;
			children = (
				360BF4A024FCD7B90055C876 /* Main.storyboard */,
				360BF4B124FCD8330055C876 /* LaunchScreen.storyboard */,
				360BF4B224FCD8330055C876 /* AutoScrollingLS.storyboard */,
				36831A382508C784005FD99F /* MainTabbar.storyboard */,
				36831A3A2508C78B005FD99F /* DiscoverScene.storyboard */,
				36FAC607250B707A00A58035 /* GenreScene.storyboard */,
				364D2DB5250F011D00746DC7 /* ArtistScene.storyboard */,
				362B236C2515C08200E20205 /* SeeMoreScene.storyboard */,
				36FBF512251AE2FF00215812 /* SearchScene.storyboard */,
				36FBF51D251B290E00215812 /* DetailScene.storyboard */,
				36AF93AB25263CCF00DEC09F /* ListGenre.storyboard */,
			);
			path = Storyboard;
			sourceTree = "<group>";
		};
		364AEEC524FCF39A002447CC /* Service */ = {
			isa = PBXGroup;
			children = (
				36BB36C42501E5D6006FFB5C /* APIService.swift */,
				364AEEC724FCF3B0002447CC /* API */,
			);
			path = Service;
			sourceTree = "<group>";
		};
		364AEEC624FCF3A1002447CC /* Repositories */ = {
			isa = PBXGroup;
			children = (
				36751EEA2506994600554A18 /* ArtistRepositories.swift */,
				36751EEB2506994600554A18 /* GenreRepositories.swift */,
				36751EED2506994600554A18 /* MovieRepositories.swift */,
				36751EEC2506994600554A18 /* SearchRepositories.swift */,
			);
			path = Repositories;
			sourceTree = "<group>";
		};
		364AEEC724FCF3B0002447CC /* API */ = {
			isa = PBXGroup;
			children = (
				364AEECA24FCF3C7002447CC /* Error */,
				364AEEC924FCF3C0002447CC /* Response */,
				364AEEC824FCF3B8002447CC /* Request */,
			);
			path = API;
			sourceTree = "<group>";
		};
		364AEEC824FCF3B8002447CC /* Request */ = {
			isa = PBXGroup;
			children = (
				36BB36C62501EBCA006FFB5C /* BaseRequest.swift */,
				36751EF52506997600554A18 /* SearchRequest */,
				36751EF42506996D00554A18 /* ArtistRequest */,
				36751EF32506996300554A18 /* GenreRequest */,
				36751EF22506995A00554A18 /* MovieRequest */,
			);
			path = Request;
			sourceTree = "<group>";
		};
		364AEEC924FCF3C0002447CC /* Response */ = {
			isa = PBXGroup;
			children = (
				36B874B5250211B600DA4DD8 /* ResponseMovie */,
				36B874B6250211C000DA4DD8 /* ResponseGenre */,
				36B874BB250212AE00DA4DD8 /* ResponseArtist */,
				36B874C02502134900DA4DD8 /* ResponseSearch */,
			);
			path = Response;
			sourceTree = "<group>";
		};
		364AEECA24FCF3C7002447CC /* Error */ = {
			isa = PBXGroup;
			children = (
				36BB36C82501ED03006FFB5C /* HTTPStatusCode.swift */,
				36BB36CA2501ED25006FFB5C /* BaseError.swift */,
				36BB36CC2501ED47006FFB5C /* ErrorResponse.swift */,
			);
			path = Error;
			sourceTree = "<group>";
		};
		364AEECB24FCF3CD002447CC /* Model */ = {
			isa = PBXGroup;
			children = (
				3613E50A2500EB1D00684B9B /* DiscoverTabbar */,
				3613E5132500EDD400684B9B /* GenreTabar */,
				3613E5182500F05700684B9B /* ArtistTabbar */,
				3613E5072500E92100684B9B /* MovieDetail */,
			);
			path = Model;
			sourceTree = "<group>";
		};
		364D2DA7250F008900746DC7 /* ArtistScene */ = {
			isa = PBXGroup;
			children = (
				364D2DB0250F00BB00746DC7 /* Cell */,
				364D2DAB250F00A900746DC7 /* ArtistViewController.swift */,
				364D2DAA250F00A900746DC7 /* ArtistViewModel.swift */,
				364D2DA9250F00A900746DC7 /* ArtistNavigator.swift */,
				364D2DA8250F00A900746DC7 /* ArtistUseCase.swift */,
			);
			path = ArtistScene;
			sourceTree = "<group>";
		};
		364D2DB0250F00BB00746DC7 /* Cell */ = {
			isa = PBXGroup;
			children = (
				364D2DB2250F00C500746DC7 /* ArtistCollectionViewCell.swift */,
				364D2DB1250F00C500746DC7 /* ArtistCollectionViewCell.xib */,
			);
			path = Cell;
			sourceTree = "<group>";
		};
		36751EF22506995A00554A18 /* MovieRequest */ = {
			isa = PBXGroup;
			children = (
				36751EFA2506998B00554A18 /* DetailRequest.swift */,
				363B5F2C2525F2E800583927 /* ActorListInMovie.swift */,
				36751EF92506998B00554A18 /* PopularRequest.swift */,
				36751EF72506998B00554A18 /* SimilarRequest.swift */,
				36751EF62506998B00554A18 /* TopRatedRequest.swift */,
				36751EF82506998B00554A18 /* UpComingRequest.swift */,
				3663833B2518337B00C6B216 /* MoreMovie.swift */,
			);
			path = MovieRequest;
			sourceTree = "<group>";
		};
		36751EF32506996300554A18 /* GenreRequest */ = {
			isa = PBXGroup;
			children = (
				36751F002506999500554A18 /* ListGenreRequest.swift */,
				36751F012506999500554A18 /* SelectedGenreRequest.swift */,
			);
			path = GenreRequest;
			sourceTree = "<group>";
		};
		36751EF42506996D00554A18 /* ArtistRequest */ = {
			isa = PBXGroup;
			children = (
				36751F06250699A400554A18 /* ListArtistRequest.swift */,
				36751F04250699A400554A18 /* MovieOfSeletedRequest.swift */,
				36751F05250699A400554A18 /* SelectedArtistRequest.swift */,
			);
			path = ArtistRequest;
			sourceTree = "<group>";
		};
		36751EF52506997600554A18 /* SearchRequest */ = {
			isa = PBXGroup;
			children = (
				36751F0A250699AE00554A18 /* SearchForArtistRequest.swift */,
				36751F0B250699AE00554A18 /* SearchForMovieRequest.swift */,
			);
			path = SearchRequest;
			sourceTree = "<group>";
		};
		36831A272508C732005FD99F /* DiscoverScene */ = {
			isa = PBXGroup;
			children = (
				36F889D325094240006A7A1D /* Cell */,
				36831A292508C74E005FD99F /* DiscoverViewController.swift */,
				36831A2B2508C74E005FD99F /* DiscoverViewModel.swift */,
				36831A282508C74D005FD99F /* DiscoverNavigator.swift */,
				36831A2A2508C74E005FD99F /* DiscoverUseCase.swift */,
			);
			path = DiscoverScene;
			sourceTree = "<group>";
		};
		36AF93AD25263D5200DEC09F /* ListGenre */ = {
			isa = PBXGroup;
			children = (
				36AF93B825264B0300DEC09F /* Cell */,
				36AF93AE25263D6C00DEC09F /* ListGenreViewController.swift */,
				36AF93B025263D7F00DEC09F /* ListGenreViewModel.swift */,
				36AF93B225263D8900DEC09F /* ListGenreNavigator.swift */,
				36AF93B425263D9300DEC09F /* ListGenreUseCase.swift */,
			);
			path = ListGenre;
			sourceTree = "<group>";
		};
		36AF93B825264B0300DEC09F /* Cell */ = {
			isa = PBXGroup;
			children = (
				36AF93B925264B2A00DEC09F /* ListGenreTableViewCell.swift */,
				36AF93BA25264B2A00DEC09F /* ListGenreTableViewCell.xib */,
			);
			path = Cell;
			sourceTree = "<group>";
		};
		36B874B5250211B600DA4DD8 /* ResponseMovie */ = {
			isa = PBXGroup;
			children = (
				368E0F672518FAF50029A718 /* MovieResponse.swift */,
				36B874B12502113100DA4DD8 /* SimilarResponse.swift */,
				360B7CAD2525FFC600E15D19 /* ActorInMovieResponse.swift */,
			);
			path = ResponseMovie;
			sourceTree = "<group>";
		};
		36B874B6250211C000DA4DD8 /* ResponseGenre */ = {
			isa = PBXGroup;
			children = (
				36B874B32502116B00DA4DD8 /* ResultGenreSelected.swift */,
				36B874D125021BE000DA4DD8 /* ResultGenreList.swift */,
			);
			path = ResponseGenre;
			sourceTree = "<group>";
		};
		36B874BB250212AE00DA4DD8 /* ResponseArtist */ = {
			isa = PBXGroup;
			children = (
				36B874B7250211D500DA4DD8 /* ResultArtist.swift */,
				36B874B92502129300DA4DD8 /* ResultMovieArtist.swift */,
			);
			path = ResponseArtist;
			sourceTree = "<group>";
		};
		36B874C02502134900DA4DD8 /* ResponseSearch */ = {
			isa = PBXGroup;
			children = (
				36B874BC250212D200DA4DD8 /* ResultSearchMovie.swift */,
				36B874BE2502131100DA4DD8 /* ResultSearchArtist.swift */,
			);
			path = ResponseSearch;
			sourceTree = "<group>";
		};
		36F249A8C0583A656206291B /* Frameworks */ = {
			isa = PBXGroup;
			children = (
				0111EFCB7F13206F738705A8 /* Pods_SpoonTV.framework */,
			);
			name = Frameworks;
			sourceTree = "<group>";
		};
		36F889D325094240006A7A1D /* Cell */ = {
			isa = PBXGroup;
			children = (
				36F889D8250945AE006A7A1D /* PopularCollectionViewCell.swift */,
				36F889D9250945AE006A7A1D /* PopularCollectionViewCell.xib */,
				36EAF73E2509D5AE00BE18BD /* TopRatedCollectionViewCell.swift */,
				36EAF73B2509D47F00BE18BD /* TopRatedCollectionViewCell.xib */,
				36EAF7402509FFBE00BE18BD /* UpComingCollectionViewCell.swift */,
				36EAF7412509FFBE00BE18BD /* UpComingCollectionViewCell.xib */,
			);
			path = Cell;
			sourceTree = "<group>";
		};
		36FAC5F9250B701500A58035 /* GenreScene */ = {
			isa = PBXGroup;
			children = (
				36FAC602250B705100A58035 /* Cell */,
				36FAC5FB250B704E00A58035 /* GenreViewController.swift */,
				36FAC5FA250B704E00A58035 /* GenreViewModel.swift */,
				36FAC5FD250B704E00A58035 /* GenreNavigator.swift */,
				36FAC5FC250B704E00A58035 /* GenreUseCase.swift */,
			);
			path = GenreScene;
			sourceTree = "<group>";
		};
		36FAC602250B705100A58035 /* Cell */ = {
			isa = PBXGroup;
			children = (
				36FAC604250B706000A58035 /* GenreTableViewCell.swift */,
				36FAC603250B706000A58035 /* GenreTableViewCell.xib */,
			);
			path = Cell;
			sourceTree = "<group>";
		};
		36FBF504251AE2B300215812 /* SearchScene */ = {
			isa = PBXGroup;
			children = (
				36FBF50D251AE2E300215812 /* Cell */,
				36FBF506251AE2E000215812 /* SearchViewController.swift */,
				36FBF508251AE2E000215812 /* SearchViewModel.swift */,
				36FBF507251AE2E000215812 /* SearchNavigator.swift */,
				36FBF505251AE2DF00215812 /* SearchUseCase.swift */,
			);
			path = SearchScene;
			sourceTree = "<group>";
		};
		36FBF50D251AE2E300215812 /* Cell */ = {
			isa = PBXGroup;
			children = (
				36FBF50F251AE2EE00215812 /* SearchTableViewCell.swift */,
				36FBF50E251AE2EE00215812 /* SearchTableViewCell.xib */,
			);
			path = Cell;
			sourceTree = "<group>";
		};
		36FBF514251B28BD00215812 /* DetailScene */ = {
			isa = PBXGroup;
			children = (
				360B7CA82525F99C00E15D19 /* ActorCell */,
				364159BF251C34760059E2F3 /* SimilarMovieCell */,
				36FBF515251B28F900215812 /* DetailViewController.swift */,
				36FBF517251B28F900215812 /* DetailMovieViewModel.swift */,
				36FBF518251B28F900215812 /* DetailMovieNavigator.swift */,
				36FBF516251B28F900215812 /* DetailMovieUseCase.swift */,
			);
			path = DetailScene;
			sourceTree = "<group>";
		};
		36FF29EB24FEA28C0095221B /* AutoScrolling */ = {
			isa = PBXGroup;
			children = (
				360BF4B024FCD8330055C876 /* AutoScrollingLSViewController.swift */,
				36930EE724FF305E00A54C2F /* AutoScrollingViewModel.swift */,
				36930EE924FF306D00A54C2F /* AutoScrollingNavigator.swift */,
				36930EEB24FF307D00A54C2F /* AutoScrollingUseCase.swift */,
			);
			path = AutoScrolling;
			sourceTree = "<group>";
		};
		90C2C63A763BA9CF22814F4E /* Pods */ = {
			isa = PBXGroup;
			children = (
				7CB5C4E547503D1E22A6934A /* Pods-SpoonTV.debug.xcconfig */,
				A8FDDCAB5B2CF6F8536F78C7 /* Pods-SpoonTV.release.xcconfig */,
			);
			path = Pods;
			sourceTree = "<group>";
		};
/* End PBXGroup section */

/* Begin PBXNativeTarget section */
		360BF49624FCD7B90055C876 /* SpoonTV */ = {
			isa = PBXNativeTarget;
			buildConfigurationList = 360BF4AB24FCD7BA0055C876 /* Build configuration list for PBXNativeTarget "SpoonTV" */;
			buildPhases = (
				516A8DCE51AD1EC3654A6D39 /* [CP] Check Pods Manifest.lock */,
				360BF49324FCD7B90055C876 /* Sources */,
				360BF49424FCD7B90055C876 /* Frameworks */,
				360BF49524FCD7B90055C876 /* Resources */,
				A44BCF5FC73DF0EE4180EF1D /* [CP] Embed Pods Frameworks */,
				36930EF324FF925100A54C2F /* ShellScript */,
			);
			buildRules = (
			);
			dependencies = (
			);
			name = SpoonTV;
			productName = SpoonTV;
			productReference = 360BF49724FCD7B90055C876 /* SpoonTV.app */;
			productType = "com.apple.product-type.application";
		};
/* End PBXNativeTarget section */

/* Begin PBXProject section */
		360BF48F24FCD7B90055C876 /* Project object */ = {
			isa = PBXProject;
			attributes = {
				LastSwiftUpdateCheck = 1140;
				LastUpgradeCheck = 1140;
				ORGANIZATIONNAME = "Nam Ngây";
				TargetAttributes = {
					360BF49624FCD7B90055C876 = {
						CreatedOnToolsVersion = 11.4.1;
					};
				};
			};
			buildConfigurationList = 360BF49224FCD7B90055C876 /* Build configuration list for PBXProject "SpoonTV" */;
			compatibilityVersion = "Xcode 9.3";
			developmentRegion = en;
			hasScannedForEncodings = 0;
			knownRegions = (
				en,
				Base,
			);
			mainGroup = 360BF48E24FCD7B90055C876;
			productRefGroup = 360BF49824FCD7B90055C876 /* Products */;
			projectDirPath = "";
			projectRoot = "";
			targets = (
				360BF49624FCD7B90055C876 /* SpoonTV */,
			);
		};
/* End PBXProject section */

/* Begin PBXResourcesBuildPhase section */
		360BF49524FCD7B90055C876 /* Resources */ = {
			isa = PBXResourcesBuildPhase;
			buildActionMask = 2147483647;
			files = (
				360B7CAC2525F9AD00E15D19 /* ActorCollectionViewCell.xib in Resources */,
				36AF93BC25264B2A00DEC09F /* ListGenreTableViewCell.xib in Resources */,
				36EAF7432509FFBE00BE18BD /* UpComingCollectionViewCell.xib in Resources */,
				36FBF510251AE2EE00215812 /* SearchTableViewCell.xib in Resources */,
				364159C3251C348A0059E2F3 /* SimilarMovieCollectionViewCell.xib in Resources */,
				36FAC608250B707A00A58035 /* GenreScene.storyboard in Resources */,
				36831A392508C784005FD99F /* MainTabbar.storyboard in Resources */,
				364D2DB3250F00C500746DC7 /* ArtistCollectionViewCell.xib in Resources */,
				364D2DB6250F011D00746DC7 /* ArtistScene.storyboard in Resources */,
				36F889DB250945AE006A7A1D /* PopularCollectionViewCell.xib in Resources */,
				362B236B2515C05E00E20205 /* SeeMoreTableViewCell.xib in Resources */,
				36AF93AC25263CCF00DEC09F /* ListGenre.storyboard in Resources */,
				36FAC605250B706000A58035 /* GenreTableViewCell.xib in Resources */,
				360BF4B524FCD8330055C876 /* AutoScrollingLS.storyboard in Resources */,
				362B236D2515C08200E20205 /* SeeMoreScene.storyboard in Resources */,
				36831A3B2508C78B005FD99F /* DiscoverScene.storyboard in Resources */,
				36FBF51E251B290E00215812 /* DetailScene.storyboard in Resources */,
				360BF4B424FCD8330055C876 /* LaunchScreen.storyboard in Resources */,
				360BF4A424FCD7BA0055C876 /* Assets.xcassets in Resources */,
				36EAF73D2509D47F00BE18BD /* TopRatedCollectionViewCell.xib in Resources */,
				360BF4A224FCD7B90055C876 /* Main.storyboard in Resources */,
				36FBF513251AE2FF00215812 /* SearchScene.storyboard in Resources */,
			);
			runOnlyForDeploymentPostprocessing = 0;
		};
/* End PBXResourcesBuildPhase section */

/* Begin PBXShellScriptBuildPhase section */
		36930EF324FF925100A54C2F /* ShellScript */ = {
			isa = PBXShellScriptBuildPhase;
			buildActionMask = 2147483647;
			files = (
			);
			inputFileListPaths = (
			);
			inputPaths = (
			);
			outputFileListPaths = (
			);
			outputPaths = (
			);
			runOnlyForDeploymentPostprocessing = 0;
			shellPath = /bin/sh;
			shellScript = "# Type a script or drag a script file from your workspace to insert its path.\n\"${PODS_ROOT}/SwiftLint/swiftlint\"\n";
		};
		516A8DCE51AD1EC3654A6D39 /* [CP] Check Pods Manifest.lock */ = {
			isa = PBXShellScriptBuildPhase;
			buildActionMask = 2147483647;
			files = (
			);
			inputFileListPaths = (
			);
			inputPaths = (
				"${PODS_PODFILE_DIR_PATH}/Podfile.lock",
				"${PODS_ROOT}/Manifest.lock",
			);
			name = "[CP] Check Pods Manifest.lock";
			outputFileListPaths = (
			);
			outputPaths = (
				"$(DERIVED_FILE_DIR)/Pods-SpoonTV-checkManifestLockResult.txt",
			);
			runOnlyForDeploymentPostprocessing = 0;
			shellPath = /bin/sh;
			shellScript = "diff \"${PODS_PODFILE_DIR_PATH}/Podfile.lock\" \"${PODS_ROOT}/Manifest.lock\" > /dev/null\nif [ $? != 0 ] ; then\n    # print error to STDERR\n    echo \"error: The sandbox is not in sync with the Podfile.lock. Run 'pod install' or update your CocoaPods installation.\" >&2\n    exit 1\nfi\n# This output is used by Xcode 'outputs' to avoid re-running this script phase.\necho \"SUCCESS\" > \"${SCRIPT_OUTPUT_FILE_0}\"\n";
			showEnvVarsInLog = 0;
		};
		A44BCF5FC73DF0EE4180EF1D /* [CP] Embed Pods Frameworks */ = {
			isa = PBXShellScriptBuildPhase;
			buildActionMask = 2147483647;
			files = (
			);
			inputFileListPaths = (
				"${PODS_ROOT}/Target Support Files/Pods-SpoonTV/Pods-SpoonTV-frameworks-${CONFIGURATION}-input-files.xcfilelist",
			);
			name = "[CP] Embed Pods Frameworks";
			outputFileListPaths = (
				"${PODS_ROOT}/Target Support Files/Pods-SpoonTV/Pods-SpoonTV-frameworks-${CONFIGURATION}-output-files.xcfilelist",
			);
			runOnlyForDeploymentPostprocessing = 0;
			shellPath = /bin/sh;
			shellScript = "\"${PODS_ROOT}/Target Support Files/Pods-SpoonTV/Pods-SpoonTV-frameworks.sh\"\n";
			showEnvVarsInLog = 0;
		};
/* End PBXShellScriptBuildPhase section */

/* Begin PBXSourcesBuildPhase section */
		360BF49324FCD7B90055C876 /* Sources */ = {
			isa = PBXSourcesBuildPhase;
			buildActionMask = 2147483647;
			files = (
				36B874BA2502129300DA4DD8 /* ResultMovieArtist.swift in Sources */,
				36751F07250699A400554A18 /* MovieOfSeletedRequest.swift in Sources */,
				360BF4B324FCD8330055C876 /* AutoScrollingLSViewController.swift in Sources */,
				36FBF50B251AE2E000215812 /* SearchNavigator.swift in Sources */,
				36751F08250699A400554A18 /* SelectedArtistRequest.swift in Sources */,
				36831A362508C76E005FD99F /* MainTabbarUseCase.swift in Sources */,
				36831A2F2508C74E005FD99F /* DiscoverViewModel.swift in Sources */,
				368A30D825009A4C002973E7 /* UIView+.swift in Sources */,
				3613E5152500EDE700684B9B /* GenreTabbar.swift in Sources */,
				36FBF519251B28F900215812 /* DetailViewController.swift in Sources */,
				36EAF73F2509D5AE00BE18BD /* TopRatedCollectionViewCell.swift in Sources */,
				364159C2251C348A0059E2F3 /* SimilarMovieCollectionViewCell.swift in Sources */,
				3684FF792525020000673B80 /* ActorOfMovie.swift in Sources */,
				368E0F682518FAF50029A718 /* MovieResponse.swift in Sources */,
				36751F0C250699AE00554A18 /* SearchForArtistRequest.swift in Sources */,
				3613E5062500E63200684B9B /* MovieDetail.swift in Sources */,
				36751EF02506994600554A18 /* SearchRepositories.swift in Sources */,
				3613E50E2500EBE400684B9B /* ProductionCountry.swift in Sources */,
				36930EE824FF305E00A54C2F /* AutoScrollingViewModel.swift in Sources */,
				36FAC606250B706000A58035 /* GenreTableViewCell.swift in Sources */,
				36FBF50C251AE2E000215812 /* SearchViewModel.swift in Sources */,
				36751EEF2506994600554A18 /* GenreRepositories.swift in Sources */,
				364D2DAC250F00A900746DC7 /* ArtistUseCase.swift in Sources */,
				36FBF51B251B28F900215812 /* DetailMovieViewModel.swift in Sources */,
				36586CE824FE3D4600721F27 /* AppNavigator.swift in Sources */,
				36FBF50A251AE2E000215812 /* SearchViewController.swift in Sources */,
				3684FF772524F4DD00673B80 /* Array+.swift in Sources */,
				36586CE624FE3D3900721F27 /* AppViewModel.swift in Sources */,
				36831A352508C76E005FD99F /* MainTabbarNavigator.swift in Sources */,
				36FAC600250B704E00A58035 /* GenreUseCase.swift in Sources */,
				362B23652515C02D00E20205 /* SeeMoreViewModel.swift in Sources */,
				36751EFD2506998B00554A18 /* UpComingRequest.swift in Sources */,
				3613E50C2500EB4600684B9B /* ProductionCompany.swift in Sources */,
				360BF49B24FCD7B90055C876 /* AppDelegate.swift in Sources */,
				36FAC60A250B774800A58035 /* Constant.swift in Sources */,
				36B874B22502113100DA4DD8 /* SimilarResponse.swift in Sources */,
				36AF93B325263D8900DEC09F /* ListGenreNavigator.swift in Sources */,
				36751EFE2506998B00554A18 /* PopularRequest.swift in Sources */,
				3613E5102500EC4C00684B9B /* SpokenLanguage.swift in Sources */,
				3613E5092500EA8400684B9B /* Genres.swift in Sources */,
				36586CEA24FE3D5400721F27 /* AppUseCase.swift in Sources */,
				36831A2C2508C74E005FD99F /* DiscoverNavigator.swift in Sources */,
				36FBF511251AE2EE00215812 /* SearchTableViewCell.swift in Sources */,
				36AF93BB25264B2A00DEC09F /* ListGenreTableViewCell.swift in Sources */,
				36BB36C72501EBCA006FFB5C /* BaseRequest.swift in Sources */,
				36BB36CB2501ED25006FFB5C /* BaseError.swift in Sources */,
				36930EEC24FF307D00A54C2F /* AutoScrollingUseCase.swift in Sources */,
				364D2DAE250F00A900746DC7 /* ArtistViewModel.swift in Sources */,
				36AF93B125263D7F00DEC09F /* ListGenreViewModel.swift in Sources */,
				364D2DAD250F00A900746DC7 /* ArtistNavigator.swift in Sources */,
				363B5F2D2525F2E800583927 /* ActorListInMovie.swift in Sources */,
				36751F022506999500554A18 /* ListGenreRequest.swift in Sources */,
				36930EEA24FF306D00A54C2F /* AutoScrollingNavigator.swift in Sources */,
				36EAF7422509FFBE00BE18BD /* UpComingCollectionViewCell.swift in Sources */,
				36BB36CD2501ED47006FFB5C /* ErrorResponse.swift in Sources */,
				360BF49D24FCD7B90055C876 /* SceneDelegate.swift in Sources */,
				36751EF12506994600554A18 /* MovieRepositories.swift in Sources */,
				36B874D225021BE000DA4DD8 /* ResultGenreList.swift in Sources */,
				36F889DA250945AE006A7A1D /* PopularCollectionViewCell.swift in Sources */,
				36AF93AF25263D6C00DEC09F /* ListGenreViewController.swift in Sources */,
				36B874B42502116C00DA4DD8 /* ResultGenreSelected.swift in Sources */,
				36FAC601250B704E00A58035 /* GenreNavigator.swift in Sources */,
				362B23612515C01900E20205 /* SeeMoreViewController.swift in Sources */,
				3613E51E2500F3DB00684B9B /* MovieOfArtist.swift in Sources */,
				362B236A2515C05E00E20205 /* SeeMoreTableViewCell.swift in Sources */,
				3613E51A2500F07600684B9B /* Artist.swift in Sources */,
				36831A2D2508C74E005FD99F /* DiscoverViewController.swift in Sources */,
				36831A342508C76E005FD99F /* MainTabbarController.swift in Sources */,
				36FAC5FE250B704E00A58035 /* GenreViewModel.swift in Sources */,
				36751EEE2506994600554A18 /* ArtistRepositories.swift in Sources */,
				36751F09250699A400554A18 /* ListArtistRequest.swift in Sources */,
				364D2DB4250F00C500746DC7 /* ArtistCollectionViewCell.swift in Sources */,
				36AF93B525263D9300DEC09F /* ListGenreUseCase.swift in Sources */,
				362B23632515C02500E20205 /* SeeMoreNavigator.swift in Sources */,
				362B23672515C03600E20205 /* SeeMoreUseCase.swift in Sources */,
				36FBF51C251B28F900215812 /* DetailMovieNavigator.swift in Sources */,
				364D2DAF250F00A900746DC7 /* ArtistViewController.swift in Sources */,
				36FAC5FF250B704E00A58035 /* GenreViewController.swift in Sources */,
				3613E51C2500F11A00684B9B /* ArtistDetail.swift in Sources */,
				36BB36C52501E5D6006FFB5C /* APIService.swift in Sources */,
				36B874BF2502131100DA4DD8 /* ResultSearchArtist.swift in Sources */,
				36FBF51A251B28F900215812 /* DetailMovieUseCase.swift in Sources */,
				36751F0D250699AE00554A18 /* SearchForMovieRequest.swift in Sources */,
				36751F032506999500554A18 /* SelectedGenreRequest.swift in Sources */,
				36BB36D12501F296006FFB5C /* APIKey.swift in Sources */,
				36751EFB2506998B00554A18 /* TopRatedRequest.swift in Sources */,
				360B7CAB2525F9AD00E15D19 /* ActorCollectionViewCell.swift in Sources */,
				36BB36CF2501EDE1006FFB5C /* URLs.swift in Sources */,
				36B874BD250212D200DA4DD8 /* ResultSearchMovie.swift in Sources */,
				360B7CAE2525FFC600E15D19 /* ActorInMovieResponse.swift in Sources */,
				36831A2E2508C74E005FD99F /* DiscoverUseCase.swift in Sources */,
				36FBF520251B478C00215812 /* UILabel+.swift in Sources */,
				36751EFF2506998B00554A18 /* DetailRequest.swift in Sources */,
				36BB36C92501ED03006FFB5C /* HTTPStatusCode.swift in Sources */,
				36831A372508C76E005FD99F /* MainTabbarViewModel.swift in Sources */,
				36FBF509251AE2E000215812 /* SearchUseCase.swift in Sources */,
				36751EFC2506998B00554A18 /* SimilarRequest.swift in Sources */,
				36B874B8250211D500DA4DD8 /* ResultArtist.swift in Sources */,
				3663833E2518516500C6B216 /* Movie.swift in Sources */,
				3663833C2518337B00C6B216 /* MoreMovie.swift in Sources */,
			);
			runOnlyForDeploymentPostprocessing = 0;
		};
/* End PBXSourcesBuildPhase section */

/* Begin PBXVariantGroup section */
		360BF4A024FCD7B90055C876 /* Main.storyboard */ = {
			isa = PBXVariantGroup;
			children = (
				360BF4A124FCD7B90055C876 /* Base */,
			);
			name = Main.storyboard;
			sourceTree = "<group>";
		};
/* End PBXVariantGroup section */

/* Begin XCBuildConfiguration section */
		360BF4A924FCD7BA0055C876 /* Debug */ = {
			isa = XCBuildConfiguration;
			buildSettings = {
				ALWAYS_SEARCH_USER_PATHS = NO;
				CLANG_ANALYZER_NONNULL = YES;
				CLANG_ANALYZER_NUMBER_OBJECT_CONVERSION = YES_AGGRESSIVE;
				CLANG_CXX_LANGUAGE_STANDARD = "gnu++14";
				CLANG_CXX_LIBRARY = "libc++";
				CLANG_ENABLE_MODULES = YES;
				CLANG_ENABLE_OBJC_ARC = YES;
				CLANG_ENABLE_OBJC_WEAK = YES;
				CLANG_WARN_BLOCK_CAPTURE_AUTORELEASING = YES;
				CLANG_WARN_BOOL_CONVERSION = YES;
				CLANG_WARN_COMMA = YES;
				CLANG_WARN_CONSTANT_CONVERSION = YES;
				CLANG_WARN_DEPRECATED_OBJC_IMPLEMENTATIONS = YES;
				CLANG_WARN_DIRECT_OBJC_ISA_USAGE = YES_ERROR;
				CLANG_WARN_DOCUMENTATION_COMMENTS = YES;
				CLANG_WARN_EMPTY_BODY = YES;
				CLANG_WARN_ENUM_CONVERSION = YES;
				CLANG_WARN_INFINITE_RECURSION = YES;
				CLANG_WARN_INT_CONVERSION = YES;
				CLANG_WARN_NON_LITERAL_NULL_CONVERSION = YES;
				CLANG_WARN_OBJC_IMPLICIT_RETAIN_SELF = YES;
				CLANG_WARN_OBJC_LITERAL_CONVERSION = YES;
				CLANG_WARN_OBJC_ROOT_CLASS = YES_ERROR;
				CLANG_WARN_RANGE_LOOP_ANALYSIS = YES;
				CLANG_WARN_STRICT_PROTOTYPES = YES;
				CLANG_WARN_SUSPICIOUS_MOVE = YES;
				CLANG_WARN_UNGUARDED_AVAILABILITY = YES_AGGRESSIVE;
				CLANG_WARN_UNREACHABLE_CODE = YES;
				CLANG_WARN__DUPLICATE_METHOD_MATCH = YES;
				COPY_PHASE_STRIP = NO;
				DEBUG_INFORMATION_FORMAT = dwarf;
				ENABLE_STRICT_OBJC_MSGSEND = YES;
				ENABLE_TESTABILITY = YES;
				GCC_C_LANGUAGE_STANDARD = gnu11;
				GCC_DYNAMIC_NO_PIC = NO;
				GCC_NO_COMMON_BLOCKS = YES;
				GCC_OPTIMIZATION_LEVEL = 0;
				GCC_PREPROCESSOR_DEFINITIONS = (
					"DEBUG=1",
					"$(inherited)",
				);
				GCC_WARN_64_TO_32_BIT_CONVERSION = YES;
				GCC_WARN_ABOUT_RETURN_TYPE = YES_ERROR;
				GCC_WARN_UNDECLARED_SELECTOR = YES;
				GCC_WARN_UNINITIALIZED_AUTOS = YES_AGGRESSIVE;
				GCC_WARN_UNUSED_FUNCTION = YES;
				GCC_WARN_UNUSED_VARIABLE = YES;
				IPHONEOS_DEPLOYMENT_TARGET = 13.4;
				MTL_ENABLE_DEBUG_INFO = INCLUDE_SOURCE;
				MTL_FAST_MATH = YES;
				ONLY_ACTIVE_ARCH = YES;
				SDKROOT = iphoneos;
				SWIFT_ACTIVE_COMPILATION_CONDITIONS = DEBUG;
				SWIFT_OPTIMIZATION_LEVEL = "-Onone";
			};
			name = Debug;
		};
		360BF4AA24FCD7BA0055C876 /* Release */ = {
			isa = XCBuildConfiguration;
			buildSettings = {
				ALWAYS_SEARCH_USER_PATHS = NO;
				CLANG_ANALYZER_NONNULL = YES;
				CLANG_ANALYZER_NUMBER_OBJECT_CONVERSION = YES_AGGRESSIVE;
				CLANG_CXX_LANGUAGE_STANDARD = "gnu++14";
				CLANG_CXX_LIBRARY = "libc++";
				CLANG_ENABLE_MODULES = YES;
				CLANG_ENABLE_OBJC_ARC = YES;
				CLANG_ENABLE_OBJC_WEAK = YES;
				CLANG_WARN_BLOCK_CAPTURE_AUTORELEASING = YES;
				CLANG_WARN_BOOL_CONVERSION = YES;
				CLANG_WARN_COMMA = YES;
				CLANG_WARN_CONSTANT_CONVERSION = YES;
				CLANG_WARN_DEPRECATED_OBJC_IMPLEMENTATIONS = YES;
				CLANG_WARN_DIRECT_OBJC_ISA_USAGE = YES_ERROR;
				CLANG_WARN_DOCUMENTATION_COMMENTS = YES;
				CLANG_WARN_EMPTY_BODY = YES;
				CLANG_WARN_ENUM_CONVERSION = YES;
				CLANG_WARN_INFINITE_RECURSION = YES;
				CLANG_WARN_INT_CONVERSION = YES;
				CLANG_WARN_NON_LITERAL_NULL_CONVERSION = YES;
				CLANG_WARN_OBJC_IMPLICIT_RETAIN_SELF = YES;
				CLANG_WARN_OBJC_LITERAL_CONVERSION = YES;
				CLANG_WARN_OBJC_ROOT_CLASS = YES_ERROR;
				CLANG_WARN_RANGE_LOOP_ANALYSIS = YES;
				CLANG_WARN_STRICT_PROTOTYPES = YES;
				CLANG_WARN_SUSPICIOUS_MOVE = YES;
				CLANG_WARN_UNGUARDED_AVAILABILITY = YES_AGGRESSIVE;
				CLANG_WARN_UNREACHABLE_CODE = YES;
				CLANG_WARN__DUPLICATE_METHOD_MATCH = YES;
				COPY_PHASE_STRIP = NO;
				DEBUG_INFORMATION_FORMAT = "dwarf-with-dsym";
				ENABLE_NS_ASSERTIONS = NO;
				ENABLE_STRICT_OBJC_MSGSEND = YES;
				GCC_C_LANGUAGE_STANDARD = gnu11;
				GCC_NO_COMMON_BLOCKS = YES;
				GCC_WARN_64_TO_32_BIT_CONVERSION = YES;
				GCC_WARN_ABOUT_RETURN_TYPE = YES_ERROR;
				GCC_WARN_UNDECLARED_SELECTOR = YES;
				GCC_WARN_UNINITIALIZED_AUTOS = YES_AGGRESSIVE;
				GCC_WARN_UNUSED_FUNCTION = YES;
				GCC_WARN_UNUSED_VARIABLE = YES;
				IPHONEOS_DEPLOYMENT_TARGET = 13.4;
				MTL_ENABLE_DEBUG_INFO = NO;
				MTL_FAST_MATH = YES;
				SDKROOT = iphoneos;
				SWIFT_COMPILATION_MODE = wholemodule;
				SWIFT_OPTIMIZATION_LEVEL = "-O";
				VALIDATE_PRODUCT = YES;
			};
			name = Release;
		};
		360BF4AC24FCD7BA0055C876 /* Debug */ = {
			isa = XCBuildConfiguration;
			baseConfigurationReference = 7CB5C4E547503D1E22A6934A /* Pods-SpoonTV.debug.xcconfig */;
			buildSettings = {
				ASSETCATALOG_COMPILER_APPICON_NAME = AppIcon;
				CODE_SIGN_STYLE = Automatic;
				DEVELOPMENT_TEAM = 3JQK33626M;
				INFOPLIST_FILE = SpoonTV/Info.plist;
				LD_RUNPATH_SEARCH_PATHS = (
					"$(inherited)",
					"@executable_path/Frameworks",
				);
				PRODUCT_BUNDLE_IDENTIFIER = com.tuicoding.SpoonTV;
				PRODUCT_NAME = "$(TARGET_NAME)";
				SWIFT_VERSION = 5.0;
				TARGETED_DEVICE_FAMILY = "1,2";
			};
			name = Debug;
		};
		360BF4AD24FCD7BA0055C876 /* Release */ = {
			isa = XCBuildConfiguration;
			baseConfigurationReference = A8FDDCAB5B2CF6F8536F78C7 /* Pods-SpoonTV.release.xcconfig */;
			buildSettings = {
				ASSETCATALOG_COMPILER_APPICON_NAME = AppIcon;
				CODE_SIGN_STYLE = Automatic;
				DEVELOPMENT_TEAM = 3JQK33626M;
				INFOPLIST_FILE = SpoonTV/Info.plist;
				LD_RUNPATH_SEARCH_PATHS = (
					"$(inherited)",
					"@executable_path/Frameworks",
				);
				PRODUCT_BUNDLE_IDENTIFIER = com.tuicoding.SpoonTV;
				PRODUCT_NAME = "$(TARGET_NAME)";
				SWIFT_VERSION = 5.0;
				TARGETED_DEVICE_FAMILY = "1,2";
			};
			name = Release;
		};
/* End XCBuildConfiguration section */

/* Begin XCConfigurationList section */
		360BF49224FCD7B90055C876 /* Build configuration list for PBXProject "SpoonTV" */ = {
			isa = XCConfigurationList;
			buildConfigurations = (
				360BF4A924FCD7BA0055C876 /* Debug */,
				360BF4AA24FCD7BA0055C876 /* Release */,
			);
			defaultConfigurationIsVisible = 0;
			defaultConfigurationName = Release;
		};
		360BF4AB24FCD7BA0055C876 /* Build configuration list for PBXNativeTarget "SpoonTV" */ = {
			isa = XCConfigurationList;
			buildConfigurations = (
				360BF4AC24FCD7BA0055C876 /* Debug */,
				360BF4AD24FCD7BA0055C876 /* Release */,
			);
			defaultConfigurationIsVisible = 0;
			defaultConfigurationName = Release;
		};
/* End XCConfigurationList section */
	};
	rootObject = 360BF48F24FCD7B90055C876 /* Project object */;
}
